
Microsoft Visual Studio Solution File, Format Version 12.00
# Visual Studio Version 17
VisualStudioVersion = 17.0.31903.59
MinimumVisualStudioVersion = 10.0.40219.1
Project("{2150E333-8FDC-42A3-9474-1A3956D46DE8}") = "src", "src", "{C6AF3E29-A314-4D84-B9F3-58C6D4AA4DBE}"
EndProject
Project("{9A19103F-16F7-4668-BE54-9A1E7A4F7556}") = "Juice.Plugins", "src\Juice.Plugins\Juice.Plugins.csproj", "{B9F75C4D-5394-42E0-8784-D3F629E92836}"
EndProject
Project("{2150E333-8FDC-42A3-9474-1A3956D46DE8}") = "refs", "refs", "{5C633C99-A14F-41C8-A5BB-6D0ED0B6ED44}"
EndProject
Project("{9A19103F-16F7-4668-BE54-9A1E7A4F7556}") = "Juice", "..\..\core\src\Juice\Juice.csproj", "{5C770CAC-384B-4FB5-8780-843ADF531F2D}"
EndProject
Project("{2150E333-8FDC-42A3-9474-1A3956D46DE8}") = "test", "test", "{74275C15-7F77-4AFF-8AAA-79BF4B297271}"
EndProject
Project("{FAE04EC0-301F-11D3-BF4B-00C04F79EFBC}") = "Juice.Plugins.Tests.PluginBase", "test\Juice.Plugins.Tests.PluginBase\Juice.Plugins.Tests.PluginBase.csproj", "{5E6815F5-D20E-4E1D-A445-D10F8CD80DB8}"
EndProject
Project("{FAE04EC0-301F-11D3-BF4B-00C04F79EFBC}") = "Juice.Plugins.Tests.PluginA", "test\Juice.Plugins.Tests.PluginA\Juice.Plugins.Tests.PluginA.csproj", "{F1C17A4F-3916-4134-9045-6F2E6ECE3AB1}"
EndProject
Project("{9A19103F-16F7-4668-BE54-9A1E7A4F7556}") = "Juice.Plugins.Tests.Common", "test\Juice.Plugins.Tests.Common\Juice.Plugins.Tests.Common.csproj", "{0D2F1714-18F6-477C-A953-5E45B82D5BDD}"
EndProject
Project("{FAE04EC0-301F-11D3-BF4B-00C04F79EFBC}") = "Juice.Plugins.Tests.PluginB", "test\Juice.Plugins.Tests.PluginB\Juice.Plugins.Tests.PluginB.csproj", "{DC5C49DE-C718-465A-AA4C-24B7AD3ABF26}"
EndProject
Project("{FAE04EC0-301F-11D3-BF4B-00C04F79EFBC}") = "Juice.Plugins.Tests.XUnit", "test\Juice.Plugins.Tests.XUnit\Juice.Plugins.Tests.XUnit.csproj", "{925B8F2E-6260-4940-BDF4-A3B49CE5731C}"
EndProject
Project("{9A19103F-16F7-4668-BE54-9A1E7A4F7556}") = "Juice.Extensions.Configuration", "..\..\core\src\Juice.Extensions.Configuration\Juice.Extensions.Configuration.csproj", "{F03A0346-4A04-41A1-B927-4FB3218F9ED4}"
EndProject
Project("{9A19103F-16F7-4668-BE54-9A1E7A4F7556}") = "Juice.XUnit", "..\..\test\Juice.XUnit\Juice.XUnit.csproj", "{CBC14FB5-BF77-4DCF-A7F8-FB9E5F9AF354}"
EndProject
Project("{9A19103F-16F7-4668-BE54-9A1E7A4F7556}") = "Juice.Extensions.Logging", "..\..\core\src\Juice.Extensions.Logging\Juice.Extensions.Logging.csproj", "{C5EBB476-7CC6-45C0-B74A-214170247235}"
EndProject
Project("{2150E333-8FDC-42A3-9474-1A3956D46DE8}") = "Solution Items", "Solution Items", "{968E81D6-9FE1-4969-8F8E-BA0EDED48BE9}"
	ProjectSection(SolutionItems) = preProject
		..\..\Directory.Build.props = ..\..\Directory.Build.props
	EndProjectSection
EndProject
Global
	GlobalSection(SolutionConfigurationPlatforms) = preSolution
		Debug|Any CPU = Debug|Any CPU
		Release|Any CPU = Release|Any CPU
	EndGlobalSection
	GlobalSection(ProjectConfigurationPlatforms) = postSolution
		{B9F75C4D-5394-42E0-8784-D3F629E92836}.Debug|Any CPU.ActiveCfg = Debug|Any CPU
		{B9F75C4D-5394-42E0-8784-D3F629E92836}.Debug|Any CPU.Build.0 = Debug|Any CPU
		{B9F75C4D-5394-42E0-8784-D3F629E92836}.Release|Any CPU.ActiveCfg = Release|Any CPU
		{B9F75C4D-5394-42E0-8784-D3F629E92836}.Release|Any CPU.Build.0 = Release|Any CPU
		{5C770CAC-384B-4FB5-8780-843ADF531F2D}.Debug|Any CPU.ActiveCfg = Debug|Any CPU
		{5C770CAC-384B-4FB5-8780-843ADF531F2D}.Debug|Any CPU.Build.0 = Debug|Any CPU
		{5C770CAC-384B-4FB5-8780-843ADF531F2D}.Release|Any CPU.ActiveCfg = Release|Any CPU
		{5C770CAC-384B-4FB5-8780-843ADF531F2D}.Release|Any CPU.Build.0 = Release|Any CPU
		{5E6815F5-D20E-4E1D-A445-D10F8CD80DB8}.Debug|Any CPU.ActiveCfg = Debug|Any CPU
		{5E6815F5-D20E-4E1D-A445-D10F8CD80DB8}.Debug|Any CPU.Build.0 = Debug|Any CPU
		{5E6815F5-D20E-4E1D-A445-D10F8CD80DB8}.Release|Any CPU.ActiveCfg = Release|Any CPU
		{5E6815F5-D20E-4E1D-A445-D10F8CD80DB8}.Release|Any CPU.Build.0 = Release|Any CPU
		{F1C17A4F-3916-4134-9045-6F2E6ECE3AB1}.Debug|Any CPU.ActiveCfg = Debug|Any CPU
		{F1C17A4F-3916-4134-9045-6F2E6ECE3AB1}.Debug|Any CPU.Build.0 = Debug|Any CPU
		{F1C17A4F-3916-4134-9045-6F2E6ECE3AB1}.Release|Any CPU.ActiveCfg = Release|Any CPU
		{F1C17A4F-3916-4134-9045-6F2E6ECE3AB1}.Release|Any CPU.Build.0 = Release|Any CPU
		{0D2F1714-18F6-477C-A953-5E45B82D5BDD}.Debug|Any CPU.ActiveCfg = Debug|Any CPU
		{0D2F1714-18F6-477C-A953-5E45B82D5BDD}.Debug|Any CPU.Build.0 = Debug|Any CPU
		{0D2F1714-18F6-477C-A953-5E45B82D5BDD}.Release|Any CPU.ActiveCfg = Release|Any CPU
		{0D2F1714-18F6-477C-A953-5E45B82D5BDD}.Release|Any CPU.Build.0 = Release|Any CPU
		{DC5C49DE-C718-465A-AA4C-24B7AD3ABF26}.Debug|Any CPU.ActiveCfg = Debug|Any CPU
		{DC5C49DE-C718-465A-AA4C-24B7AD3ABF26}.Debug|Any CPU.Build.0 = Debug|Any CPU
		{DC5C49DE-C718-465A-AA4C-24B7AD3ABF26}.Release|Any CPU.ActiveCfg = Release|Any CPU
		{DC5C49DE-C718-465A-AA4C-24B7AD3ABF26}.Release|Any CPU.Build.0 = Release|Any CPU
		{925B8F2E-6260-4940-BDF4-A3B49CE5731C}.Debug|Any CPU.ActiveCfg = Debug|Any CPU
		{925B8F2E-6260-4940-BDF4-A3B49CE5731C}.Debug|Any CPU.Build.0 = Debug|Any CPU
		{925B8F2E-6260-4940-BDF4-A3B49CE5731C}.Release|Any CPU.ActiveCfg = Release|Any CPU
		{925B8F2E-6260-4940-BDF4-A3B49CE5731C}.Release|Any CPU.Build.0 = Release|Any CPU
		{F03A0346-4A04-41A1-B927-4FB3218F9ED4}.Debug|Any CPU.ActiveCfg = Debug|Any CPU
		{F03A0346-4A04-41A1-B927-4FB3218F9ED4}.Debug|Any CPU.Build.0 = Debug|Any CPU
		{F03A0346-4A04-41A1-B927-4FB3218F9ED4}.Release|Any CPU.ActiveCfg = Release|Any CPU
		{F03A0346-4A04-41A1-B927-4FB3218F9ED4}.Release|Any CPU.Build.0 = Release|Any CPU
		{CBC14FB5-BF77-4DCF-A7F8-FB9E5F9AF354}.Debug|Any CPU.ActiveCfg = Debug|Any CPU
		{CBC14FB5-BF77-4DCF-A7F8-FB9E5F9AF354}.Debug|Any CPU.Build.0 = Debug|Any CPU
		{CBC14FB5-BF77-4DCF-A7F8-FB9E5F9AF354}.Release|Any CPU.ActiveCfg = Release|Any CPU
		{CBC14FB5-BF77-4DCF-A7F8-FB9E5F9AF354}.Release|Any CPU.Build.0 = Release|Any CPU
		{C5EBB476-7CC6-45C0-B74A-214170247235}.Debug|Any CPU.ActiveCfg = Debug|Any CPU
		{C5EBB476-7CC6-45C0-B74A-214170247235}.Debug|Any CPU.Build.0 = Debug|Any CPU
		{C5EBB476-7CC6-45C0-B74A-214170247235}.Release|Any CPU.ActiveCfg = Release|Any CPU
		{C5EBB476-7CC6-45C0-B74A-214170247235}.Release|Any CPU.Build.0 = Release|Any CPU
	EndGlobalSection
	GlobalSection(SolutionProperties) = preSolution
		HideSolutionNode = FALSE
	EndGlobalSection
	GlobalSection(NestedProjects) = preSolution
		{B9F75C4D-5394-42E0-8784-D3F629E92836} = {C6AF3E29-A314-4D84-B9F3-58C6D4AA4DBE}
		{5C770CAC-384B-4FB5-8780-843ADF531F2D} = {5C633C99-A14F-41C8-A5BB-6D0ED0B6ED44}
		{5E6815F5-D20E-4E1D-A445-D10F8CD80DB8} = {74275C15-7F77-4AFF-8AAA-79BF4B297271}
		{F1C17A4F-3916-4134-9045-6F2E6ECE3AB1} = {74275C15-7F77-4AFF-8AAA-79BF4B297271}
		{0D2F1714-18F6-477C-A953-5E45B82D5BDD} = {74275C15-7F77-4AFF-8AAA-79BF4B297271}
		{DC5C49DE-C718-465A-AA4C-24B7AD3ABF26} = {74275C15-7F77-4AFF-8AAA-79BF4B297271}
		{925B8F2E-6260-4940-BDF4-A3B49CE5731C} = {74275C15-7F77-4AFF-8AAA-79BF4B297271}
		{F03A0346-4A04-41A1-B927-4FB3218F9ED4} = {5C633C99-A14F-41C8-A5BB-6D0ED0B6ED44}
		{CBC14FB5-BF77-4DCF-A7F8-FB9E5F9AF354} = {5C633C99-A14F-41C8-A5BB-6D0ED0B6ED44}
		{C5EBB476-7CC6-45C0-B74A-214170247235} = {5C633C99-A14F-41C8-A5BB-6D0ED0B6ED44}
	EndGlobalSection
	GlobalSection(ExtensibilityGlobals) = postSolution
		SolutionGuid = {204F152E-ACD1-45CE-86D8-7B752A6446C4}
	EndGlobalSection
EndGlobal
