
Microsoft Visual Studio Solution File, Format Version 12.00
# Visual Studio Version 17
VisualStudioVersion = 17.1.32407.343
MinimumVisualStudioVersion = 10.0.40219.1
Project("{2150E333-8FDC-42A3-9474-1A3956D46DE8}") = "src", "src", "{9E4FFBBB-2E8E-4463-B502-260D502D43E1}"
EndProject
Project("{2150E333-8FDC-42A3-9474-1A3956D46DE8}") = "test", "test", "{F0C1DDC9-295A-4DD8-AB19-3CE592CFA928}"
EndProject
Project("{D954291E-2A0B-460D-934E-DC6B0785DB48}") = "Juice.XUnit", "test\Juice.XUnit\Juice.XUnit.shproj", "{3C5739A5-F7BF-4D1E-8727-FC0C11C5BD21}"
EndProject
Project("{2150E333-8FDC-42A3-9474-1A3956D46DE8}") = "Solution Items", "Solution Items", "{CD84B6B7-9A64-4E5E-80A4-462AF323BD97}"
	ProjectSection(SolutionItems) = preProject
		.editorconfig = .editorconfig
		.gitignore = .gitignore
		azure-pipelines.yml = azure-pipelines.yml
		Directory.Build.props = Directory.Build.props
		nuget.config = nuget.config
		README.md = README.md
	EndProjectSection
EndProject
Project("{2150E333-8FDC-42A3-9474-1A3956D46DE8}") = ".github", ".github", "{AE9C2C13-ECD6-4990-B85B-9F12A5F6B2CE}"
	ProjectSection(SolutionItems) = preProject
		.github\workflows\alpha.yml = .github\workflows\alpha.yml
		.github\workflows\beta.yml = .github\workflows\beta.yml
		.github\workflows\build-test.yml = .github\workflows\build-test.yml
		.github\workflows\nuget-release.yml = .github\workflows\nuget-release.yml
	EndProjectSection
EndProject
Project("{9A19103F-16F7-4668-BE54-9A1E7A4F7556}") = "Juice", "core\src\Juice\Juice.csproj", "{2B012B5D-C09D-460D-8219-CBC877416FDF}"
EndProject
Project("{9A19103F-16F7-4668-BE54-9A1E7A4F7556}") = "Juice.AspNetCore", "core\src\Juice.AspNetCore\Juice.AspNetCore.csproj", "{F0DAAAF8-5E72-46FF-87BF-6741365193C8}"
EndProject
Project("{9A19103F-16F7-4668-BE54-9A1E7A4F7556}") = "Juice.EF", "core\src\Juice.EF\Juice.EF.csproj", "{E86D44AE-525E-4424-9E0C-F5BD29C4F248}"
EndProject
Project("{9A19103F-16F7-4668-BE54-9A1E7A4F7556}") = "Juice.EventBus", "core\src\Juice.EventBus\Juice.EventBus.csproj", "{B552F4E0-6DB1-4FDA-833A-06B0CBB3CF26}"
EndProject
Project("{D954291E-2A0B-460D-934E-DC6B0785DB48}") = "Juice.Shared.EF", "core\src\Juice.Shared.EF\Juice.Shared.EF.shproj", "{4763DF4B-52BF-4B00-B741-E4CF4DEA0A40}"
EndProject
Project("{9A19103F-16F7-4668-BE54-9A1E7A4F7556}") = "Juice.EventBus.IntegrationEventLog.EF", "core\src\Juice.EventBus.IntegrationEventLog.EF\Juice.EventBus.IntegrationEventLog.EF.csproj", "{0EED7827-F67C-4477-B6ED-E5F8F5E12E2B}"
EndProject
Project("{9A19103F-16F7-4668-BE54-9A1E7A4F7556}") = "Juice.EventBus.RabbitMQ", "core\src\Juice.EventBus.RabbitMQ\Juice.EventBus.RabbitMQ.csproj", "{F1855338-A8AD-4870-89A7-715D5D0CB093}"
EndProject
Project("{9A19103F-16F7-4668-BE54-9A1E7A4F7556}") = "Juice.MediatR.IdentifiedCommands.EF", "core\src\Juice.MediatR.IdentifiedCommands.EF\Juice.MediatR.IdentifiedCommands.EF.csproj", "{B60E5D7D-EA24-47C6-BD0E-88CC0BFFD297}"
EndProject
Project("{9A19103F-16F7-4668-BE54-9A1E7A4F7556}") = "Juice.EF.Tests", "core\test\Juice.EF.Tests\Juice.EF.Tests.csproj", "{C7FE1197-8AA2-4155-A011-5968245578F7}"
EndProject
Project("{9A19103F-16F7-4668-BE54-9A1E7A4F7556}") = "Juice.EventBus.Tests", "core\test\Juice.EventBus.Tests\Juice.EventBus.Tests.csproj", "{85C08A80-D4A0-492F-BF67-C57B009F8379}"
EndProject
Project("{9A19103F-16F7-4668-BE54-9A1E7A4F7556}") = "Juice.MediatR.Tests", "core\test\Juice.MediatR.Tests\Juice.MediatR.Tests.csproj", "{ECC46F96-EE98-49CE-8CFB-84DAEE28C33D}"
EndProject
Project("{2150E333-8FDC-42A3-9474-1A3956D46DE8}") = "services", "services", "{EBC37EAD-B924-450D-8AE3-4184706E137A}"
EndProject
Project("{2150E333-8FDC-42A3-9474-1A3956D46DE8}") = "bgservice", "bgservice", "{6CED53D8-B5A2-41DD-A6F7-7ACEC0192BA0}"
EndProject
Project("{9A19103F-16F7-4668-BE54-9A1E7A4F7556}") = "Juice.BgService", "services\bgservice\src\Juice.BgService\Juice.BgService.csproj", "{D4F6B528-44B7-41B7-9BEA-114226F1D443}"
EndProject
Project("{2150E333-8FDC-42A3-9474-1A3956D46DE8}") = "storage", "storage", "{0C008F98-8F34-47E7-85E0-E787720D4A4A}"
EndProject
Project("{9A19103F-16F7-4668-BE54-9A1E7A4F7556}") = "Juice.Storage.Abstractions", "services\storage\src\Juice.Storage.Abstractions\Juice.Storage.Abstractions.csproj", "{F4EBC404-F7F5-4310-9E9A-F1D9005873F7}"
EndProject
Project("{9A19103F-16F7-4668-BE54-9A1E7A4F7556}") = "Juice.Storage", "services\storage\src\Juice.Storage\Juice.Storage.csproj", "{76502C62-70A3-4B9C-98EA-BA215A74492C}"
EndProject
Project("{9A19103F-16F7-4668-BE54-9A1E7A4F7556}") = "Juice.Storage.Local", "services\storage\src\Juice.Storage.Local\Juice.Storage.Local.csproj", "{19DA2B67-4D27-406C-BA4E-A3BEC6A39424}"
EndProject
Project("{9A19103F-16F7-4668-BE54-9A1E7A4F7556}") = "Juice.Storage.App", "services\storage\src\Juice.Storage.App\Juice.Storage.App.csproj", "{53D4CC68-0C7B-4E97-9721-B6E0F5961522}"
EndProject
Project("{9A19103F-16F7-4668-BE54-9A1E7A4F7556}") = "Juice.Storage.Tests", "services\storage\test\Juice.Storage.Tests\Juice.Storage.Tests.csproj", "{A4EDE74A-D8EE-410F-8A87-6F55A9FA6A31}"
EndProject
Project("{9A19103F-16F7-4668-BE54-9A1E7A4F7556}") = "Juice.Core.Tests", "core\test\Juice.Core.Tests\Juice.Core.Tests.csproj", "{04534853-A342-49C9-96D7-94D174A8F98D}"
EndProject
Project("{9A19103F-16F7-4668-BE54-9A1E7A4F7556}") = "Juice.BgService.Api", "services\bgservice\src\Juice.BgService.Api\Juice.BgService.Api.csproj", "{25A429E9-A1D0-49D9-9C24-630FC427799C}"
EndProject
Project("{9A19103F-16F7-4668-BE54-9A1E7A4F7556}") = "Juice.BgService.Tests", "services\bgservice\test\Juice.BgService.Tests\Juice.BgService.Tests.csproj", "{D05347A6-CD24-4138-894B-6590534DF31E}"
EndProject
Project("{FAE04EC0-301F-11D3-BF4B-00C04F79EFBC}") = "Juice.Extensions.Logging", "core\src\Juice.Extensions.Logging\Juice.Extensions.Logging.csproj", "{60325046-C98C-474E-AB59-20FAF21C1C3B}"
EndProject
Project("{FAE04EC0-301F-11D3-BF4B-00C04F79EFBC}") = "Juice.Extensions.Options", "core\src\Juice.Extensions.Options\Juice.Extensions.Options.csproj", "{51E9661A-0CFD-484F-8F29-6119E2CA46AF}"
EndProject
Global
	GlobalSection(SharedMSBuildProjectFiles) = preSolution
		test\Juice.XUnit\Juice.XUnit.projitems*{04534853-a342-49c9-96d7-94d174a8f98d}*SharedItemsImports = 5
		core\src\Juice.Shared.EF\Juice.Shared.EF.projitems*{0eed7827-f67c-4477-b6ed-e5f8f5e12e2b}*SharedItemsImports = 5
		test\Juice.XUnit\Juice.XUnit.projitems*{3c5739a5-f7bf-4d1e-8727-fc0c11c5bd21}*SharedItemsImports = 13
		core\src\Juice.Shared.EF\Juice.Shared.EF.projitems*{4763df4b-52bf-4b00-b741-e4cf4dea0a40}*SharedItemsImports = 13
		test\Juice.XUnit\Juice.XUnit.projitems*{a4ede74a-d8ee-410f-8a87-6f55a9fa6a31}*SharedItemsImports = 5
		core\src\Juice.Shared.EF\Juice.Shared.EF.projitems*{b60e5d7d-ea24-47c6-bd0e-88cc0bffd297}*SharedItemsImports = 5
		test\Juice.XUnit\Juice.XUnit.projitems*{c7fe1197-8aa2-4155-a011-5968245578f7}*SharedItemsImports = 5
	EndGlobalSection
	GlobalSection(SolutionConfigurationPlatforms) = preSolution
		Debug|Any CPU = Debug|Any CPU
		Release|Any CPU = Release|Any CPU
	EndGlobalSection
	GlobalSection(ProjectConfigurationPlatforms) = postSolution
		{2B012B5D-C09D-460D-8219-CBC877416FDF}.Debug|Any CPU.ActiveCfg = Debug|Any CPU
		{2B012B5D-C09D-460D-8219-CBC877416FDF}.Debug|Any CPU.Build.0 = Debug|Any CPU
		{2B012B5D-C09D-460D-8219-CBC877416FDF}.Release|Any CPU.ActiveCfg = Release|Any CPU
		{2B012B5D-C09D-460D-8219-CBC877416FDF}.Release|Any CPU.Build.0 = Release|Any CPU
		{F0DAAAF8-5E72-46FF-87BF-6741365193C8}.Debug|Any CPU.ActiveCfg = Debug|Any CPU
		{F0DAAAF8-5E72-46FF-87BF-6741365193C8}.Debug|Any CPU.Build.0 = Debug|Any CPU
		{F0DAAAF8-5E72-46FF-87BF-6741365193C8}.Release|Any CPU.ActiveCfg = Release|Any CPU
		{F0DAAAF8-5E72-46FF-87BF-6741365193C8}.Release|Any CPU.Build.0 = Release|Any CPU
		{E86D44AE-525E-4424-9E0C-F5BD29C4F248}.Debug|Any CPU.ActiveCfg = Debug|Any CPU
		{E86D44AE-525E-4424-9E0C-F5BD29C4F248}.Debug|Any CPU.Build.0 = Debug|Any CPU
		{E86D44AE-525E-4424-9E0C-F5BD29C4F248}.Release|Any CPU.ActiveCfg = Release|Any CPU
		{E86D44AE-525E-4424-9E0C-F5BD29C4F248}.Release|Any CPU.Build.0 = Release|Any CPU
		{B552F4E0-6DB1-4FDA-833A-06B0CBB3CF26}.Debug|Any CPU.ActiveCfg = Debug|Any CPU
		{B552F4E0-6DB1-4FDA-833A-06B0CBB3CF26}.Debug|Any CPU.Build.0 = Debug|Any CPU
		{B552F4E0-6DB1-4FDA-833A-06B0CBB3CF26}.Release|Any CPU.ActiveCfg = Release|Any CPU
		{B552F4E0-6DB1-4FDA-833A-06B0CBB3CF26}.Release|Any CPU.Build.0 = Release|Any CPU
		{0EED7827-F67C-4477-B6ED-E5F8F5E12E2B}.Debug|Any CPU.ActiveCfg = Debug|Any CPU
		{0EED7827-F67C-4477-B6ED-E5F8F5E12E2B}.Debug|Any CPU.Build.0 = Debug|Any CPU
		{0EED7827-F67C-4477-B6ED-E5F8F5E12E2B}.Release|Any CPU.ActiveCfg = Release|Any CPU
		{0EED7827-F67C-4477-B6ED-E5F8F5E12E2B}.Release|Any CPU.Build.0 = Release|Any CPU
		{F1855338-A8AD-4870-89A7-715D5D0CB093}.Debug|Any CPU.ActiveCfg = Debug|Any CPU
		{F1855338-A8AD-4870-89A7-715D5D0CB093}.Debug|Any CPU.Build.0 = Debug|Any CPU
		{F1855338-A8AD-4870-89A7-715D5D0CB093}.Release|Any CPU.ActiveCfg = Release|Any CPU
		{F1855338-A8AD-4870-89A7-715D5D0CB093}.Release|Any CPU.Build.0 = Release|Any CPU
		{B60E5D7D-EA24-47C6-BD0E-88CC0BFFD297}.Debug|Any CPU.ActiveCfg = Debug|Any CPU
		{B60E5D7D-EA24-47C6-BD0E-88CC0BFFD297}.Debug|Any CPU.Build.0 = Debug|Any CPU
		{B60E5D7D-EA24-47C6-BD0E-88CC0BFFD297}.Release|Any CPU.ActiveCfg = Release|Any CPU
		{B60E5D7D-EA24-47C6-BD0E-88CC0BFFD297}.Release|Any CPU.Build.0 = Release|Any CPU
		{C7FE1197-8AA2-4155-A011-5968245578F7}.Debug|Any CPU.ActiveCfg = Debug|Any CPU
		{C7FE1197-8AA2-4155-A011-5968245578F7}.Debug|Any CPU.Build.0 = Debug|Any CPU
		{C7FE1197-8AA2-4155-A011-5968245578F7}.Release|Any CPU.ActiveCfg = Release|Any CPU
		{C7FE1197-8AA2-4155-A011-5968245578F7}.Release|Any CPU.Build.0 = Release|Any CPU
		{85C08A80-D4A0-492F-BF67-C57B009F8379}.Debug|Any CPU.ActiveCfg = Debug|Any CPU
		{85C08A80-D4A0-492F-BF67-C57B009F8379}.Debug|Any CPU.Build.0 = Debug|Any CPU
		{85C08A80-D4A0-492F-BF67-C57B009F8379}.Release|Any CPU.ActiveCfg = Release|Any CPU
		{85C08A80-D4A0-492F-BF67-C57B009F8379}.Release|Any CPU.Build.0 = Release|Any CPU
		{ECC46F96-EE98-49CE-8CFB-84DAEE28C33D}.Debug|Any CPU.ActiveCfg = Debug|Any CPU
		{ECC46F96-EE98-49CE-8CFB-84DAEE28C33D}.Debug|Any CPU.Build.0 = Debug|Any CPU
		{ECC46F96-EE98-49CE-8CFB-84DAEE28C33D}.Release|Any CPU.ActiveCfg = Release|Any CPU
		{ECC46F96-EE98-49CE-8CFB-84DAEE28C33D}.Release|Any CPU.Build.0 = Release|Any CPU
		{D4F6B528-44B7-41B7-9BEA-114226F1D443}.Debug|Any CPU.ActiveCfg = Debug|Any CPU
		{D4F6B528-44B7-41B7-9BEA-114226F1D443}.Debug|Any CPU.Build.0 = Debug|Any CPU
		{D4F6B528-44B7-41B7-9BEA-114226F1D443}.Release|Any CPU.ActiveCfg = Release|Any CPU
		{D4F6B528-44B7-41B7-9BEA-114226F1D443}.Release|Any CPU.Build.0 = Release|Any CPU
		{F4EBC404-F7F5-4310-9E9A-F1D9005873F7}.Debug|Any CPU.ActiveCfg = Debug|Any CPU
		{F4EBC404-F7F5-4310-9E9A-F1D9005873F7}.Debug|Any CPU.Build.0 = Debug|Any CPU
		{F4EBC404-F7F5-4310-9E9A-F1D9005873F7}.Release|Any CPU.ActiveCfg = Release|Any CPU
		{F4EBC404-F7F5-4310-9E9A-F1D9005873F7}.Release|Any CPU.Build.0 = Release|Any CPU
		{76502C62-70A3-4B9C-98EA-BA215A74492C}.Debug|Any CPU.ActiveCfg = Debug|Any CPU
		{76502C62-70A3-4B9C-98EA-BA215A74492C}.Debug|Any CPU.Build.0 = Debug|Any CPU
		{76502C62-70A3-4B9C-98EA-BA215A74492C}.Release|Any CPU.ActiveCfg = Release|Any CPU
		{76502C62-70A3-4B9C-98EA-BA215A74492C}.Release|Any CPU.Build.0 = Release|Any CPU
		{19DA2B67-4D27-406C-BA4E-A3BEC6A39424}.Debug|Any CPU.ActiveCfg = Debug|Any CPU
		{19DA2B67-4D27-406C-BA4E-A3BEC6A39424}.Debug|Any CPU.Build.0 = Debug|Any CPU
		{19DA2B67-4D27-406C-BA4E-A3BEC6A39424}.Release|Any CPU.ActiveCfg = Release|Any CPU
		{19DA2B67-4D27-406C-BA4E-A3BEC6A39424}.Release|Any CPU.Build.0 = Release|Any CPU
		{53D4CC68-0C7B-4E97-9721-B6E0F5961522}.Debug|Any CPU.ActiveCfg = Debug|Any CPU
		{53D4CC68-0C7B-4E97-9721-B6E0F5961522}.Debug|Any CPU.Build.0 = Debug|Any CPU
		{53D4CC68-0C7B-4E97-9721-B6E0F5961522}.Release|Any CPU.ActiveCfg = Release|Any CPU
		{53D4CC68-0C7B-4E97-9721-B6E0F5961522}.Release|Any CPU.Build.0 = Release|Any CPU
		{A4EDE74A-D8EE-410F-8A87-6F55A9FA6A31}.Debug|Any CPU.ActiveCfg = Debug|Any CPU
		{A4EDE74A-D8EE-410F-8A87-6F55A9FA6A31}.Debug|Any CPU.Build.0 = Debug|Any CPU
		{A4EDE74A-D8EE-410F-8A87-6F55A9FA6A31}.Release|Any CPU.ActiveCfg = Release|Any CPU
		{A4EDE74A-D8EE-410F-8A87-6F55A9FA6A31}.Release|Any CPU.Build.0 = Release|Any CPU
		{04534853-A342-49C9-96D7-94D174A8F98D}.Debug|Any CPU.ActiveCfg = Debug|Any CPU
		{04534853-A342-49C9-96D7-94D174A8F98D}.Debug|Any CPU.Build.0 = Debug|Any CPU
		{04534853-A342-49C9-96D7-94D174A8F98D}.Release|Any CPU.ActiveCfg = Release|Any CPU
		{04534853-A342-49C9-96D7-94D174A8F98D}.Release|Any CPU.Build.0 = Release|Any CPU
	EndGlobalSection
	GlobalSection(SolutionProperties) = preSolution
		HideSolutionNode = FALSE
	EndGlobalSection
	GlobalSection(NestedProjects) = preSolution
		{3C5739A5-F7BF-4D1E-8727-FC0C11C5BD21} = {F0C1DDC9-295A-4DD8-AB19-3CE592CFA928}
		{AE9C2C13-ECD6-4990-B85B-9F12A5F6B2CE} = {CD84B6B7-9A64-4E5E-80A4-462AF323BD97}
		{2B012B5D-C09D-460D-8219-CBC877416FDF} = {9E4FFBBB-2E8E-4463-B502-260D502D43E1}
		{F0DAAAF8-5E72-46FF-87BF-6741365193C8} = {9E4FFBBB-2E8E-4463-B502-260D502D43E1}
		{E86D44AE-525E-4424-9E0C-F5BD29C4F248} = {9E4FFBBB-2E8E-4463-B502-260D502D43E1}
		{B552F4E0-6DB1-4FDA-833A-06B0CBB3CF26} = {9E4FFBBB-2E8E-4463-B502-260D502D43E1}
		{4763DF4B-52BF-4B00-B741-E4CF4DEA0A40} = {9E4FFBBB-2E8E-4463-B502-260D502D43E1}
		{0EED7827-F67C-4477-B6ED-E5F8F5E12E2B} = {9E4FFBBB-2E8E-4463-B502-260D502D43E1}
		{F1855338-A8AD-4870-89A7-715D5D0CB093} = {9E4FFBBB-2E8E-4463-B502-260D502D43E1}
		{B60E5D7D-EA24-47C6-BD0E-88CC0BFFD297} = {9E4FFBBB-2E8E-4463-B502-260D502D43E1}
		{C7FE1197-8AA2-4155-A011-5968245578F7} = {F0C1DDC9-295A-4DD8-AB19-3CE592CFA928}
		{85C08A80-D4A0-492F-BF67-C57B009F8379} = {F0C1DDC9-295A-4DD8-AB19-3CE592CFA928}
		{ECC46F96-EE98-49CE-8CFB-84DAEE28C33D} = {F0C1DDC9-295A-4DD8-AB19-3CE592CFA928}
		{6CED53D8-B5A2-41DD-A6F7-7ACEC0192BA0} = {EBC37EAD-B924-450D-8AE3-4184706E137A}
		{D4F6B528-44B7-41B7-9BEA-114226F1D443} = {6CED53D8-B5A2-41DD-A6F7-7ACEC0192BA0}
		{0C008F98-8F34-47E7-85E0-E787720D4A4A} = {EBC37EAD-B924-450D-8AE3-4184706E137A}
		{F4EBC404-F7F5-4310-9E9A-F1D9005873F7} = {0C008F98-8F34-47E7-85E0-E787720D4A4A}
		{76502C62-70A3-4B9C-98EA-BA215A74492C} = {0C008F98-8F34-47E7-85E0-E787720D4A4A}
		{19DA2B67-4D27-406C-BA4E-A3BEC6A39424} = {0C008F98-8F34-47E7-85E0-E787720D4A4A}
		{53D4CC68-0C7B-4E97-9721-B6E0F5961522} = {0C008F98-8F34-47E7-85E0-E787720D4A4A}
		{A4EDE74A-D8EE-410F-8A87-6F55A9FA6A31} = {F0C1DDC9-295A-4DD8-AB19-3CE592CFA928}
		{04534853-A342-49C9-96D7-94D174A8F98D} = {F0C1DDC9-295A-4DD8-AB19-3CE592CFA928}
	EndGlobalSection
	GlobalSection(ExtensibilityGlobals) = postSolution
		SolutionGuid = {DD654E02-538D-4E29-A098-413DEBAE4D98}
	EndGlobalSection
EndGlobal
