{
  "name": "Juice",
  "lockfileVersion": 2,
  "requires": true,
  "packages": {
    "": {
      "dependencies": {
        "@creatorflow-io/juice-upload": "^1.0.1"
      }
    },
    "node_modules/@creatorflow-io/juice-upload": {
      "version": "1.0.1",
      "resolved": "https://registry.npmjs.org/@creatorflow-io/juice-upload/-/juice-upload-1.0.1.tgz",
      "integrity": "sha512-dd1p3Q1y2IzDanKMf4K37iBo/g4FSSEb30y3tsgq37iSneftIRiX3SrPlBPfd2OqBAXkF6mJ59vOQz2T5EkVqA==",
      "dependencies": {
        "jquery": "^3.6.0"
      }
    },
    "node_modules/jquery": {
      "version": "3.6.1",
      "resolved": "https://registry.npmjs.org/jquery/-/jquery-3.6.1.tgz",
      "integrity": "sha512-opJeO4nCucVnsjiXOE+/PcCgYw9Gwpvs/a6B1LL/lQhwWwpbVEVYDZ1FokFr8PRc7ghYlrFPuyHuiiDNTQxmcw=="
    }
  },
  "dependencies": {
    "@creatorflow-io/juice-upload": {
      "version": "1.0.1",
      "resolved": "https://registry.npmjs.org/@creatorflow-io/juice-upload/-/juice-upload-1.0.1.tgz",
      "integrity": "sha512-dd1p3Q1y2IzDanKMf4K37iBo/g4FSSEb30y3tsgq37iSneftIRiX3SrPlBPfd2OqBAXkF6mJ59vOQz2T5EkVqA==",
      "requires": {
        "jquery": "^3.6.0"
      }
    },
    "jquery": {
      "version": "3.6.1",
      "resolved": "https://registry.npmjs.org/jquery/-/jquery-3.6.1.tgz",
      "integrity": "sha512-opJeO4nCucVnsjiXOE+/PcCgYw9Gwpvs/a6B1LL/lQhwWwpbVEVYDZ1FokFr8PRc7ghYlrFPuyHuiiDNTQxmcw=="
    }
  }
}
