
Microsoft Visual Studio Solution File, Format Version 12.00
# Visual Studio Version 17
VisualStudioVersion = 17.0.31903.59
MinimumVisualStudioVersion = 10.0.40219.1
Project("{2150E333-8FDC-42A3-9474-1A3956D46DE8}") = "src", "src", "{154FC320-0196-4266-992A-6DEA77499C33}"
EndProject
Project("{9A19103F-16F7-4668-BE54-9A1E7A4F7556}") = "Juice.MultiTenant.Shared", "src\Juice.MultiTenant.Shared\Juice.MultiTenant.Shared.csproj", "{C162F236-4D8C-466E-9225-013334D68C56}"
EndProject
Project("{9A19103F-16F7-4668-BE54-9A1E7A4F7556}") = "Juice.MultiTenant", "src\Juice.MultiTenant\Juice.MultiTenant.csproj", "{B8DA1AAB-9625-43CF-A2DF-B36FE4F5AD9B}"
EndProject
Project("{9A19103F-16F7-4668-BE54-9A1E7A4F7556}") = "Juice.MultiTenant.Api.Contracts", "src\Juice.MultiTenant.Api.Contracts\Juice.MultiTenant.Api.Contracts.csproj", "{AD9ABD89-86A6-465A-9EE7-CDE4A9FDA172}"
EndProject
Project("{9A19103F-16F7-4668-BE54-9A1E7A4F7556}") = "Juice.MultiTenant.Api", "src\Juice.MultiTenant.Api\Juice.MultiTenant.Api.csproj", "{B107039F-AE10-4535-B0AB-FFAE367E294E}"
EndProject
Project("{9A19103F-16F7-4668-BE54-9A1E7A4F7556}") = "Juice.MultiTenant.AspNetCore", "src\Juice.MultiTenant.AspNetCore\Juice.MultiTenant.AspNetCore.csproj", "{C5BBC3CE-EF1F-4670-AFF7-4845DE89F942}"
EndProject
Project("{9A19103F-16F7-4668-BE54-9A1E7A4F7556}") = "Juice.MultiTenant.EF", "src\Juice.MultiTenant.EF\Juice.MultiTenant.EF.csproj", "{6D8F288E-8F71-48A5-B415-474E5EAECE57}"
EndProject
Project("{9A19103F-16F7-4668-BE54-9A1E7A4F7556}") = "Juice.MultiTenant.EF.PostgreSQL", "src\Juice.MultiTenant.EF.PostgreSQL\Juice.MultiTenant.EF.PostgreSQL.csproj", "{8CC61435-0B98-4914-BA07-45DF20915570}"
EndProject
Project("{9A19103F-16F7-4668-BE54-9A1E7A4F7556}") = "Juice.MultiTenant.EF.SqlServer", "src\Juice.MultiTenant.EF.SqlServer\Juice.MultiTenant.EF.SqlServer.csproj", "{5F00BFA0-72BF-4B81-95E1-CD6799FD0EC5}"
EndProject
Project("{9A19103F-16F7-4668-BE54-9A1E7A4F7556}") = "Juice.MultiTenant.Grpc", "src\Juice.MultiTenant.Grpc\Juice.MultiTenant.Grpc.csproj", "{778B321B-E8FB-41D5-ABEA-C7CB484C073E}"
EndProject
Project("{2150E333-8FDC-42A3-9474-1A3956D46DE8}") = "test", "test", "{6C7DB128-32D1-47A2-8A1D-48CB2095A253}"
EndProject
Project("{9A19103F-16F7-4668-BE54-9A1E7A4F7556}") = "Juice.MultiTenant.Host", "test\Juice.MultiTenant.Host\Juice.MultiTenant.Host.csproj", "{D8C4B025-A15B-4597-AD10-DEEA92C7CFBC}"
EndProject
Project("{9A19103F-16F7-4668-BE54-9A1E7A4F7556}") = "Juice.MultiTenant.SelfHost", "test\Juice.MultiTenant.SelfHost\Juice.MultiTenant.SelfHost.csproj", "{17D63EE8-ECF6-4B16-8F2D-FDD9EA2CCBAA}"
EndProject
Project("{9A19103F-16F7-4668-BE54-9A1E7A4F7556}") = "Juice.MultiTenant.Tests", "test\Juice.MultiTenant.Tests\Juice.MultiTenant.Tests.csproj", "{3E98C072-699A-4A5C-B20C-F41BA6F544D1}"
EndProject
Project("{2150E333-8FDC-42A3-9474-1A3956D46DE8}") = "refs", "refs", "{38D0FF6C-C827-4DA1-B2B8-6663373EEB54}"
EndProject
Project("{9A19103F-16F7-4668-BE54-9A1E7A4F7556}") = "Juice", "..\..\core\src\Juice\Juice.csproj", "{799856F2-7F80-41F2-AEA4-0A966F86E4A4}"
EndProject
Project("{9A19103F-16F7-4668-BE54-9A1E7A4F7556}") = "Juice.AspNetCore", "..\..\core\src\Juice.AspNetCore\Juice.AspNetCore.csproj", "{19A22B03-03B6-4794-AB46-BC1AEEE684E5}"
EndProject
Project("{9A19103F-16F7-4668-BE54-9A1E7A4F7556}") = "Juice.EF", "..\..\core\src\Juice.EF\Juice.EF.csproj", "{D5802290-3636-43B1-B943-416CE9B233AC}"
EndProject
Project("{9A19103F-16F7-4668-BE54-9A1E7A4F7556}") = "Juice.Extensions.Options", "..\..\core\src\Juice.Extensions.Options\Juice.Extensions.Options.csproj", "{84AC5F11-4D7B-4024-B9AD-B202F03FCD77}"
EndProject
Project("{9A19103F-16F7-4668-BE54-9A1E7A4F7556}") = "Juice.Extensions.Configuration", "..\..\core\src\Juice.Extensions.Configuration\Juice.Extensions.Configuration.csproj", "{ED48C6BB-AEA1-4B4D-A07D-EB4867A9F32B}"
EndProject
Project("{9A19103F-16F7-4668-BE54-9A1E7A4F7556}") = "Juice.MediatR", "..\..\core\src\Juice.MediatR\Juice.MediatR.csproj", "{C8C8CCD6-8D35-4925-8AFF-27D9E85FA5EF}"
EndProject
Project("{9A19103F-16F7-4668-BE54-9A1E7A4F7556}") = "Juice.EventBus", "..\..\core\src\Juice.EventBus\Juice.EventBus.csproj", "{E84FEF0E-3798-4E66-9621-26CBF2553043}"
EndProject
Project("{9A19103F-16F7-4668-BE54-9A1E7A4F7556}") = "Juice.EventBus.IntegrationEventLog.EF", "..\..\core\src\Juice.EventBus.IntegrationEventLog.EF\Juice.EventBus.IntegrationEventLog.EF.csproj", "{54826C10-1827-4494-A66C-1B963C539CF6}"
EndProject
Project("{9A19103F-16F7-4668-BE54-9A1E7A4F7556}") = "Juice.MediatR.RequestManager.EF", "..\..\core\src\Juice.MediatR.RequestManager.EF\Juice.MediatR.RequestManager.EF.csproj", "{A543753C-161D-4EAD-AE2B-6A0F437A54C2}"
EndProject
Project("{9A19103F-16F7-4668-BE54-9A1E7A4F7556}") = "Juice.EventBus.IntegrationEventLog.EF.PostgreSQL", "..\..\core\src\Juice.EventBus.IntegrationEventLog.EF.PostgreSQL\Juice.EventBus.IntegrationEventLog.EF.PostgreSQL.csproj", "{B96C6A81-3453-4C3B-8E8C-E305BC70E3BD}"
EndProject
Project("{9A19103F-16F7-4668-BE54-9A1E7A4F7556}") = "Juice.EventBus.IntegrationEventLog.EF.SqlServer", "..\..\core\src\Juice.EventBus.IntegrationEventLog.EF.SqlServer\Juice.EventBus.IntegrationEventLog.EF.SqlServer.csproj", "{64227F5E-FD85-4697-96A2-33F8D53DE528}"
EndProject
Project("{9A19103F-16F7-4668-BE54-9A1E7A4F7556}") = "Juice.MediatR.RequestManager.EF.PostgreSQL", "..\..\core\src\Juice.MediatR.RequestManager.EF.PostgreSQL\Juice.MediatR.RequestManager.EF.PostgreSQL.csproj", "{EF478FFA-95C3-44F6-9401-8F60B7657E27}"
EndProject
Project("{9A19103F-16F7-4668-BE54-9A1E7A4F7556}") = "Juice.MediatR.RequestManager.EF.SqlServer", "..\..\core\src\Juice.MediatR.RequestManager.EF.SqlServer\Juice.MediatR.RequestManager.EF.SqlServer.csproj", "{06DB894B-91EF-46E8-B7CE-F003C8230D82}"
EndProject
Project("{9A19103F-16F7-4668-BE54-9A1E7A4F7556}") = "Juice.EventBus.RabbitMQ", "..\..\core\src\Juice.EventBus.RabbitMQ\Juice.EventBus.RabbitMQ.csproj", "{C87C020E-C5C0-44A3-AB06-7994C1C01FA1}"
EndProject
Project("{9A19103F-16F7-4668-BE54-9A1E7A4F7556}") = "Juice.Integrations", "..\..\core\src\Juice.Integrations\Juice.Integrations.csproj", "{EB720DF4-6361-4499-A386-15678C7E9FA4}"
EndProject
Project("{9A19103F-16F7-4668-BE54-9A1E7A4F7556}") = "Juice.XUnit", "..\..\test\Juice.XUnit\Juice.XUnit.csproj", "{C3F6F5B8-3EB2-4618-B5BB-06E51D57FD99}"
EndProject
Project("{9A19103F-16F7-4668-BE54-9A1E7A4F7556}") = "Juice.Extensions.Logging", "..\..\core\src\Juice.Extensions.Logging\Juice.Extensions.Logging.csproj", "{E8BC4483-8DE4-473A-A27F-A42C00DAA9E8}"
EndProject
Project("{9A19103F-16F7-4668-BE54-9A1E7A4F7556}") = "Juice.EF.MultiTenant", "..\..\core\src\Juice.EF.MultiTenant\Juice.EF.MultiTenant.csproj", "{0048B89A-F7FE-4665-B666-B7A7D4ED2628}"
EndProject
Global
	GlobalSection(SolutionConfigurationPlatforms) = preSolution
		Debug|Any CPU = Debug|Any CPU
		Release|Any CPU = Release|Any CPU
	EndGlobalSection
	GlobalSection(ProjectConfigurationPlatforms) = postSolution
		{C162F236-4D8C-466E-9225-013334D68C56}.Debug|Any CPU.ActiveCfg = Debug|Any CPU
		{C162F236-4D8C-466E-9225-013334D68C56}.Debug|Any CPU.Build.0 = Debug|Any CPU
		{C162F236-4D8C-466E-9225-013334D68C56}.Release|Any CPU.ActiveCfg = Release|Any CPU
		{C162F236-4D8C-466E-9225-013334D68C56}.Release|Any CPU.Build.0 = Release|Any CPU
		{B8DA1AAB-9625-43CF-A2DF-B36FE4F5AD9B}.Debug|Any CPU.ActiveCfg = Debug|Any CPU
		{B8DA1AAB-9625-43CF-A2DF-B36FE4F5AD9B}.Debug|Any CPU.Build.0 = Debug|Any CPU
		{B8DA1AAB-9625-43CF-A2DF-B36FE4F5AD9B}.Release|Any CPU.ActiveCfg = Release|Any CPU
		{B8DA1AAB-9625-43CF-A2DF-B36FE4F5AD9B}.Release|Any CPU.Build.0 = Release|Any CPU
		{AD9ABD89-86A6-465A-9EE7-CDE4A9FDA172}.Debug|Any CPU.ActiveCfg = Debug|Any CPU
		{AD9ABD89-86A6-465A-9EE7-CDE4A9FDA172}.Debug|Any CPU.Build.0 = Debug|Any CPU
		{AD9ABD89-86A6-465A-9EE7-CDE4A9FDA172}.Release|Any CPU.ActiveCfg = Release|Any CPU
		{AD9ABD89-86A6-465A-9EE7-CDE4A9FDA172}.Release|Any CPU.Build.0 = Release|Any CPU
		{B107039F-AE10-4535-B0AB-FFAE367E294E}.Debug|Any CPU.ActiveCfg = Debug|Any CPU
		{B107039F-AE10-4535-B0AB-FFAE367E294E}.Debug|Any CPU.Build.0 = Debug|Any CPU
		{B107039F-AE10-4535-B0AB-FFAE367E294E}.Release|Any CPU.ActiveCfg = Release|Any CPU
		{B107039F-AE10-4535-B0AB-FFAE367E294E}.Release|Any CPU.Build.0 = Release|Any CPU
		{C5BBC3CE-EF1F-4670-AFF7-4845DE89F942}.Debug|Any CPU.ActiveCfg = Debug|Any CPU
		{C5BBC3CE-EF1F-4670-AFF7-4845DE89F942}.Debug|Any CPU.Build.0 = Debug|Any CPU
		{C5BBC3CE-EF1F-4670-AFF7-4845DE89F942}.Release|Any CPU.ActiveCfg = Release|Any CPU
		{C5BBC3CE-EF1F-4670-AFF7-4845DE89F942}.Release|Any CPU.Build.0 = Release|Any CPU
		{6D8F288E-8F71-48A5-B415-474E5EAECE57}.Debug|Any CPU.ActiveCfg = Debug|Any CPU
		{6D8F288E-8F71-48A5-B415-474E5EAECE57}.Debug|Any CPU.Build.0 = Debug|Any CPU
		{6D8F288E-8F71-48A5-B415-474E5EAECE57}.Release|Any CPU.ActiveCfg = Release|Any CPU
		{6D8F288E-8F71-48A5-B415-474E5EAECE57}.Release|Any CPU.Build.0 = Release|Any CPU
		{8CC61435-0B98-4914-BA07-45DF20915570}.Debug|Any CPU.ActiveCfg = Debug|Any CPU
		{8CC61435-0B98-4914-BA07-45DF20915570}.Debug|Any CPU.Build.0 = Debug|Any CPU
		{8CC61435-0B98-4914-BA07-45DF20915570}.Release|Any CPU.ActiveCfg = Release|Any CPU
		{8CC61435-0B98-4914-BA07-45DF20915570}.Release|Any CPU.Build.0 = Release|Any CPU
		{5F00BFA0-72BF-4B81-95E1-CD6799FD0EC5}.Debug|Any CPU.ActiveCfg = Debug|Any CPU
		{5F00BFA0-72BF-4B81-95E1-CD6799FD0EC5}.Debug|Any CPU.Build.0 = Debug|Any CPU
		{5F00BFA0-72BF-4B81-95E1-CD6799FD0EC5}.Release|Any CPU.ActiveCfg = Release|Any CPU
		{5F00BFA0-72BF-4B81-95E1-CD6799FD0EC5}.Release|Any CPU.Build.0 = Release|Any CPU
		{778B321B-E8FB-41D5-ABEA-C7CB484C073E}.Debug|Any CPU.ActiveCfg = Debug|Any CPU
		{778B321B-E8FB-41D5-ABEA-C7CB484C073E}.Debug|Any CPU.Build.0 = Debug|Any CPU
		{778B321B-E8FB-41D5-ABEA-C7CB484C073E}.Release|Any CPU.ActiveCfg = Release|Any CPU
		{778B321B-E8FB-41D5-ABEA-C7CB484C073E}.Release|Any CPU.Build.0 = Release|Any CPU
		{D8C4B025-A15B-4597-AD10-DEEA92C7CFBC}.Debug|Any CPU.ActiveCfg = Debug|Any CPU
		{D8C4B025-A15B-4597-AD10-DEEA92C7CFBC}.Debug|Any CPU.Build.0 = Debug|Any CPU
		{D8C4B025-A15B-4597-AD10-DEEA92C7CFBC}.Release|Any CPU.ActiveCfg = Release|Any CPU
		{D8C4B025-A15B-4597-AD10-DEEA92C7CFBC}.Release|Any CPU.Build.0 = Release|Any CPU
		{17D63EE8-ECF6-4B16-8F2D-FDD9EA2CCBAA}.Debug|Any CPU.ActiveCfg = Debug|Any CPU
		{17D63EE8-ECF6-4B16-8F2D-FDD9EA2CCBAA}.Debug|Any CPU.Build.0 = Debug|Any CPU
		{17D63EE8-ECF6-4B16-8F2D-FDD9EA2CCBAA}.Release|Any CPU.ActiveCfg = Release|Any CPU
		{17D63EE8-ECF6-4B16-8F2D-FDD9EA2CCBAA}.Release|Any CPU.Build.0 = Release|Any CPU
		{3E98C072-699A-4A5C-B20C-F41BA6F544D1}.Debug|Any CPU.ActiveCfg = Debug|Any CPU
		{3E98C072-699A-4A5C-B20C-F41BA6F544D1}.Debug|Any CPU.Build.0 = Debug|Any CPU
		{3E98C072-699A-4A5C-B20C-F41BA6F544D1}.Release|Any CPU.ActiveCfg = Release|Any CPU
		{3E98C072-699A-4A5C-B20C-F41BA6F544D1}.Release|Any CPU.Build.0 = Release|Any CPU
		{799856F2-7F80-41F2-AEA4-0A966F86E4A4}.Debug|Any CPU.ActiveCfg = Debug|Any CPU
		{799856F2-7F80-41F2-AEA4-0A966F86E4A4}.Debug|Any CPU.Build.0 = Debug|Any CPU
		{799856F2-7F80-41F2-AEA4-0A966F86E4A4}.Release|Any CPU.ActiveCfg = Release|Any CPU
		{799856F2-7F80-41F2-AEA4-0A966F86E4A4}.Release|Any CPU.Build.0 = Release|Any CPU
		{19A22B03-03B6-4794-AB46-BC1AEEE684E5}.Debug|Any CPU.ActiveCfg = Debug|Any CPU
		{19A22B03-03B6-4794-AB46-BC1AEEE684E5}.Debug|Any CPU.Build.0 = Debug|Any CPU
		{19A22B03-03B6-4794-AB46-BC1AEEE684E5}.Release|Any CPU.ActiveCfg = Release|Any CPU
		{19A22B03-03B6-4794-AB46-BC1AEEE684E5}.Release|Any CPU.Build.0 = Release|Any CPU
		{D5802290-3636-43B1-B943-416CE9B233AC}.Debug|Any CPU.ActiveCfg = Debug|Any CPU
		{D5802290-3636-43B1-B943-416CE9B233AC}.Debug|Any CPU.Build.0 = Debug|Any CPU
		{D5802290-3636-43B1-B943-416CE9B233AC}.Release|Any CPU.ActiveCfg = Release|Any CPU
		{D5802290-3636-43B1-B943-416CE9B233AC}.Release|Any CPU.Build.0 = Release|Any CPU
		{84AC5F11-4D7B-4024-B9AD-B202F03FCD77}.Debug|Any CPU.ActiveCfg = Debug|Any CPU
		{84AC5F11-4D7B-4024-B9AD-B202F03FCD77}.Debug|Any CPU.Build.0 = Debug|Any CPU
		{84AC5F11-4D7B-4024-B9AD-B202F03FCD77}.Release|Any CPU.ActiveCfg = Release|Any CPU
		{84AC5F11-4D7B-4024-B9AD-B202F03FCD77}.Release|Any CPU.Build.0 = Release|Any CPU
		{ED48C6BB-AEA1-4B4D-A07D-EB4867A9F32B}.Debug|Any CPU.ActiveCfg = Debug|Any CPU
		{ED48C6BB-AEA1-4B4D-A07D-EB4867A9F32B}.Debug|Any CPU.Build.0 = Debug|Any CPU
		{ED48C6BB-AEA1-4B4D-A07D-EB4867A9F32B}.Release|Any CPU.ActiveCfg = Release|Any CPU
		{ED48C6BB-AEA1-4B4D-A07D-EB4867A9F32B}.Release|Any CPU.Build.0 = Release|Any CPU
		{C8C8CCD6-8D35-4925-8AFF-27D9E85FA5EF}.Debug|Any CPU.ActiveCfg = Debug|Any CPU
		{C8C8CCD6-8D35-4925-8AFF-27D9E85FA5EF}.Debug|Any CPU.Build.0 = Debug|Any CPU
		{C8C8CCD6-8D35-4925-8AFF-27D9E85FA5EF}.Release|Any CPU.ActiveCfg = Release|Any CPU
		{C8C8CCD6-8D35-4925-8AFF-27D9E85FA5EF}.Release|Any CPU.Build.0 = Release|Any CPU
		{E84FEF0E-3798-4E66-9621-26CBF2553043}.Debug|Any CPU.ActiveCfg = Debug|Any CPU
		{E84FEF0E-3798-4E66-9621-26CBF2553043}.Debug|Any CPU.Build.0 = Debug|Any CPU
		{E84FEF0E-3798-4E66-9621-26CBF2553043}.Release|Any CPU.ActiveCfg = Release|Any CPU
		{E84FEF0E-3798-4E66-9621-26CBF2553043}.Release|Any CPU.Build.0 = Release|Any CPU
		{54826C10-1827-4494-A66C-1B963C539CF6}.Debug|Any CPU.ActiveCfg = Debug|Any CPU
		{54826C10-1827-4494-A66C-1B963C539CF6}.Debug|Any CPU.Build.0 = Debug|Any CPU
		{54826C10-1827-4494-A66C-1B963C539CF6}.Release|Any CPU.ActiveCfg = Release|Any CPU
		{54826C10-1827-4494-A66C-1B963C539CF6}.Release|Any CPU.Build.0 = Release|Any CPU
		{A543753C-161D-4EAD-AE2B-6A0F437A54C2}.Debug|Any CPU.ActiveCfg = Debug|Any CPU
		{A543753C-161D-4EAD-AE2B-6A0F437A54C2}.Debug|Any CPU.Build.0 = Debug|Any CPU
		{A543753C-161D-4EAD-AE2B-6A0F437A54C2}.Release|Any CPU.ActiveCfg = Release|Any CPU
		{A543753C-161D-4EAD-AE2B-6A0F437A54C2}.Release|Any CPU.Build.0 = Release|Any CPU
		{B96C6A81-3453-4C3B-8E8C-E305BC70E3BD}.Debug|Any CPU.ActiveCfg = Debug|Any CPU
		{B96C6A81-3453-4C3B-8E8C-E305BC70E3BD}.Debug|Any CPU.Build.0 = Debug|Any CPU
		{B96C6A81-3453-4C3B-8E8C-E305BC70E3BD}.Release|Any CPU.ActiveCfg = Release|Any CPU
		{B96C6A81-3453-4C3B-8E8C-E305BC70E3BD}.Release|Any CPU.Build.0 = Release|Any CPU
		{64227F5E-FD85-4697-96A2-33F8D53DE528}.Debug|Any CPU.ActiveCfg = Debug|Any CPU
		{64227F5E-FD85-4697-96A2-33F8D53DE528}.Debug|Any CPU.Build.0 = Debug|Any CPU
		{64227F5E-FD85-4697-96A2-33F8D53DE528}.Release|Any CPU.ActiveCfg = Release|Any CPU
		{64227F5E-FD85-4697-96A2-33F8D53DE528}.Release|Any CPU.Build.0 = Release|Any CPU
		{EF478FFA-95C3-44F6-9401-8F60B7657E27}.Debug|Any CPU.ActiveCfg = Debug|Any CPU
		{EF478FFA-95C3-44F6-9401-8F60B7657E27}.Debug|Any CPU.Build.0 = Debug|Any CPU
		{EF478FFA-95C3-44F6-9401-8F60B7657E27}.Release|Any CPU.ActiveCfg = Release|Any CPU
		{EF478FFA-95C3-44F6-9401-8F60B7657E27}.Release|Any CPU.Build.0 = Release|Any CPU
		{06DB894B-91EF-46E8-B7CE-F003C8230D82}.Debug|Any CPU.ActiveCfg = Debug|Any CPU
		{06DB894B-91EF-46E8-B7CE-F003C8230D82}.Debug|Any CPU.Build.0 = Debug|Any CPU
		{06DB894B-91EF-46E8-B7CE-F003C8230D82}.Release|Any CPU.ActiveCfg = Release|Any CPU
		{06DB894B-91EF-46E8-B7CE-F003C8230D82}.Release|Any CPU.Build.0 = Release|Any CPU
		{C87C020E-C5C0-44A3-AB06-7994C1C01FA1}.Debug|Any CPU.ActiveCfg = Debug|Any CPU
		{C87C020E-C5C0-44A3-AB06-7994C1C01FA1}.Debug|Any CPU.Build.0 = Debug|Any CPU
		{C87C020E-C5C0-44A3-AB06-7994C1C01FA1}.Release|Any CPU.ActiveCfg = Release|Any CPU
		{C87C020E-C5C0-44A3-AB06-7994C1C01FA1}.Release|Any CPU.Build.0 = Release|Any CPU
		{EB720DF4-6361-4499-A386-15678C7E9FA4}.Debug|Any CPU.ActiveCfg = Debug|Any CPU
		{EB720DF4-6361-4499-A386-15678C7E9FA4}.Debug|Any CPU.Build.0 = Debug|Any CPU
		{EB720DF4-6361-4499-A386-15678C7E9FA4}.Release|Any CPU.ActiveCfg = Release|Any CPU
		{EB720DF4-6361-4499-A386-15678C7E9FA4}.Release|Any CPU.Build.0 = Release|Any CPU
		{C3F6F5B8-3EB2-4618-B5BB-06E51D57FD99}.Debug|Any CPU.ActiveCfg = Debug|Any CPU
		{C3F6F5B8-3EB2-4618-B5BB-06E51D57FD99}.Debug|Any CPU.Build.0 = Debug|Any CPU
		{C3F6F5B8-3EB2-4618-B5BB-06E51D57FD99}.Release|Any CPU.ActiveCfg = Release|Any CPU
		{C3F6F5B8-3EB2-4618-B5BB-06E51D57FD99}.Release|Any CPU.Build.0 = Release|Any CPU
		{E8BC4483-8DE4-473A-A27F-A42C00DAA9E8}.Debug|Any CPU.ActiveCfg = Debug|Any CPU
		{E8BC4483-8DE4-473A-A27F-A42C00DAA9E8}.Debug|Any CPU.Build.0 = Debug|Any CPU
		{E8BC4483-8DE4-473A-A27F-A42C00DAA9E8}.Release|Any CPU.ActiveCfg = Release|Any CPU
		{E8BC4483-8DE4-473A-A27F-A42C00DAA9E8}.Release|Any CPU.Build.0 = Release|Any CPU
		{0048B89A-F7FE-4665-B666-B7A7D4ED2628}.Debug|Any CPU.ActiveCfg = Debug|Any CPU
		{0048B89A-F7FE-4665-B666-B7A7D4ED2628}.Debug|Any CPU.Build.0 = Debug|Any CPU
		{0048B89A-F7FE-4665-B666-B7A7D4ED2628}.Release|Any CPU.ActiveCfg = Release|Any CPU
		{0048B89A-F7FE-4665-B666-B7A7D4ED2628}.Release|Any CPU.Build.0 = Release|Any CPU
	EndGlobalSection
	GlobalSection(SolutionProperties) = preSolution
		HideSolutionNode = FALSE
	EndGlobalSection
	GlobalSection(NestedProjects) = preSolution
		{C162F236-4D8C-466E-9225-013334D68C56} = {154FC320-0196-4266-992A-6DEA77499C33}
		{B8DA1AAB-9625-43CF-A2DF-B36FE4F5AD9B} = {154FC320-0196-4266-992A-6DEA77499C33}
		{AD9ABD89-86A6-465A-9EE7-CDE4A9FDA172} = {154FC320-0196-4266-992A-6DEA77499C33}
		{B107039F-AE10-4535-B0AB-FFAE367E294E} = {154FC320-0196-4266-992A-6DEA77499C33}
		{C5BBC3CE-EF1F-4670-AFF7-4845DE89F942} = {154FC320-0196-4266-992A-6DEA77499C33}
		{6D8F288E-8F71-48A5-B415-474E5EAECE57} = {154FC320-0196-4266-992A-6DEA77499C33}
		{8CC61435-0B98-4914-BA07-45DF20915570} = {154FC320-0196-4266-992A-6DEA77499C33}
		{5F00BFA0-72BF-4B81-95E1-CD6799FD0EC5} = {154FC320-0196-4266-992A-6DEA77499C33}
		{778B321B-E8FB-41D5-ABEA-C7CB484C073E} = {154FC320-0196-4266-992A-6DEA77499C33}
		{D8C4B025-A15B-4597-AD10-DEEA92C7CFBC} = {6C7DB128-32D1-47A2-8A1D-48CB2095A253}
		{17D63EE8-ECF6-4B16-8F2D-FDD9EA2CCBAA} = {6C7DB128-32D1-47A2-8A1D-48CB2095A253}
		{3E98C072-699A-4A5C-B20C-F41BA6F544D1} = {6C7DB128-32D1-47A2-8A1D-48CB2095A253}
		{799856F2-7F80-41F2-AEA4-0A966F86E4A4} = {38D0FF6C-C827-4DA1-B2B8-6663373EEB54}
		{19A22B03-03B6-4794-AB46-BC1AEEE684E5} = {38D0FF6C-C827-4DA1-B2B8-6663373EEB54}
		{D5802290-3636-43B1-B943-416CE9B233AC} = {38D0FF6C-C827-4DA1-B2B8-6663373EEB54}
		{84AC5F11-4D7B-4024-B9AD-B202F03FCD77} = {38D0FF6C-C827-4DA1-B2B8-6663373EEB54}
		{ED48C6BB-AEA1-4B4D-A07D-EB4867A9F32B} = {38D0FF6C-C827-4DA1-B2B8-6663373EEB54}
		{C8C8CCD6-8D35-4925-8AFF-27D9E85FA5EF} = {38D0FF6C-C827-4DA1-B2B8-6663373EEB54}
		{E84FEF0E-3798-4E66-9621-26CBF2553043} = {38D0FF6C-C827-4DA1-B2B8-6663373EEB54}
		{54826C10-1827-4494-A66C-1B963C539CF6} = {38D0FF6C-C827-4DA1-B2B8-6663373EEB54}
		{A543753C-161D-4EAD-AE2B-6A0F437A54C2} = {38D0FF6C-C827-4DA1-B2B8-6663373EEB54}
		{B96C6A81-3453-4C3B-8E8C-E305BC70E3BD} = {38D0FF6C-C827-4DA1-B2B8-6663373EEB54}
		{64227F5E-FD85-4697-96A2-33F8D53DE528} = {38D0FF6C-C827-4DA1-B2B8-6663373EEB54}
		{EF478FFA-95C3-44F6-9401-8F60B7657E27} = {38D0FF6C-C827-4DA1-B2B8-6663373EEB54}
		{06DB894B-91EF-46E8-B7CE-F003C8230D82} = {38D0FF6C-C827-4DA1-B2B8-6663373EEB54}
		{C87C020E-C5C0-44A3-AB06-7994C1C01FA1} = {38D0FF6C-C827-4DA1-B2B8-6663373EEB54}
		{EB720DF4-6361-4499-A386-15678C7E9FA4} = {38D0FF6C-C827-4DA1-B2B8-6663373EEB54}
		{C3F6F5B8-3EB2-4618-B5BB-06E51D57FD99} = {38D0FF6C-C827-4DA1-B2B8-6663373EEB54}
		{E8BC4483-8DE4-473A-A27F-A42C00DAA9E8} = {38D0FF6C-C827-4DA1-B2B8-6663373EEB54}
		{0048B89A-F7FE-4665-B666-B7A7D4ED2628} = {38D0FF6C-C827-4DA1-B2B8-6663373EEB54}
	EndGlobalSection
	GlobalSection(ExtensibilityGlobals) = postSolution
		SolutionGuid = {2B46EA2A-77F3-47BC-8194-8ED3ECD30038}
	EndGlobalSection
EndGlobal
