
Microsoft Visual Studio Solution File, Format Version 12.00
# Visual Studio Version 17
VisualStudioVersion = 17.1.32407.343
MinimumVisualStudioVersion = 10.0.40219.1
Project("{2150E333-8FDC-42A3-9474-1A3956D46DE8}") = "src", "src", "{602474EE-1C88-469E-832E-AE06B00D2288}"
EndProject
Project("{2150E333-8FDC-42A3-9474-1A3956D46DE8}") = "test", "test", "{6931CF9C-705C-477D-BDAD-D87CFEDD0BF2}"
EndProject
Project("{9A19103F-16F7-4668-BE54-9A1E7A4F7556}") = "Juice.BgService", "src\Juice.BgService\Juice.BgService.csproj", "{C40960B7-E7EF-4FC3-958B-30BEED4C6A56}"
EndProject
Project("{9A19103F-16F7-4668-BE54-9A1E7A4F7556}") = "Juice.BgService.Tests", "test\Juice.BgService.Tests\Juice.BgService.Tests.csproj", "{62F34031-3D79-4042-BE28-ABAF781279D2}"
EndProject
Project("{9A19103F-16F7-4668-BE54-9A1E7A4F7556}") = "Juice", "..\..\core\src\Juice\Juice.csproj", "{3CB7B607-37D0-4CBB-84E6-F98287936773}"
EndProject
Project("{9A19103F-16F7-4668-BE54-9A1E7A4F7556}") = "Juice.AspNetCore", "..\..\core\src\Juice.AspNetCore\Juice.AspNetCore.csproj", "{B49B0A22-1591-4A8A-AD63-7DB0E41D1AD0}"
EndProject
Project("{9A19103F-16F7-4668-BE54-9A1E7A4F7556}") = "Juice.BgService.Api", "src\Juice.BgService.Api\Juice.BgService.Api.csproj", "{EF13EC4A-9520-47B7-9DC6-5CA746CEA96F}"
EndProject
Project("{9A19103F-16F7-4668-BE54-9A1E7A4F7556}") = "Juice.Extensions.Options", "..\..\core\src\Juice.Extensions.Options\Juice.Extensions.Options.csproj", "{79EE7BD4-21A9-4CF6-B9E6-4DF4B410F3BC}"
EndProject
Project("{9A19103F-16F7-4668-BE54-9A1E7A4F7556}") = "Juice.Extensions.Logging", "..\..\core\src\Juice.Extensions.Logging\Juice.Extensions.Logging.csproj", "{C1085A3A-1E73-4041-9F4D-D4572C24C557}"
EndProject
Project("{9A19103F-16F7-4668-BE54-9A1E7A4F7556}") = "Juice.Extensions.Configuration", "..\..\core\src\Juice.Extensions.Configuration\Juice.Extensions.Configuration.csproj", "{31C7F9B9-B13B-4CCE-9951-15F751026FE9}"
EndProject
Project("{2150E333-8FDC-42A3-9474-1A3956D46DE8}") = "refs", "refs", "{9548FECE-5733-4A16-8B3F-6BD72669A4B2}"
EndProject
Project("{9A19103F-16F7-4668-BE54-9A1E7A4F7556}") = "Juice.Plugins", "..\plugins\src\Juice.Plugins\Juice.Plugins.csproj", "{C25AD061-88CE-42A5-9962-740075FEE6AD}"
EndProject
Project("{9A19103F-16F7-4668-BE54-9A1E7A4F7556}") = "Juice.BgService.Tests.Recurring", "test\Juice.BgService.Tests.Recurring\Juice.BgService.Tests.Recurring.csproj", "{0E18D690-E3A1-4761-B142-73C829C3E029}"
EndProject
Project("{FAE04EC0-301F-11D3-BF4B-00C04F79EFBC}") = "Juice.BgService.Abstractions", "src\Juice.BgService.Abstractions\Juice.BgService.Abstractions.csproj", "{DFCD6338-E252-44C1-8DBE-8E81CEAE2A7F}"
EndProject
Project("{FAE04EC0-301F-11D3-BF4B-00C04F79EFBC}") = "Juice.BgService.Tests.XUnit", "test\Juice.BgService.Tests.XUnit\Juice.BgService.Tests.XUnit.csproj", "{1CD43B61-AB4E-48C5-A724-889DD5401A48}"
EndProject
Project("{9A19103F-16F7-4668-BE54-9A1E7A4F7556}") = "Juice.XUnit", "..\..\test\Juice.XUnit\Juice.XUnit.csproj", "{907542CD-0E47-41E5-9115-F0B354FA562C}"
EndProject
Project("{9A19103F-16F7-4668-BE54-9A1E7A4F7556}") = "Juice.BgService.ServiceBase", "src\Juice.BgService.ServiceBase\Juice.BgService.ServiceBase.csproj", "{05E4B4A1-1A03-472D-A898-33DC6B49FB5F}"
EndProject
Global
	GlobalSection(SolutionConfigurationPlatforms) = preSolution
		Debug|Any CPU = Debug|Any CPU
		Release|Any CPU = Release|Any CPU
	EndGlobalSection
	GlobalSection(ProjectConfigurationPlatforms) = postSolution
		{C40960B7-E7EF-4FC3-958B-30BEED4C6A56}.Debug|Any CPU.ActiveCfg = Debug|Any CPU
		{C40960B7-E7EF-4FC3-958B-30BEED4C6A56}.Debug|Any CPU.Build.0 = Debug|Any CPU
		{C40960B7-E7EF-4FC3-958B-30BEED4C6A56}.Release|Any CPU.ActiveCfg = Release|Any CPU
		{C40960B7-E7EF-4FC3-958B-30BEED4C6A56}.Release|Any CPU.Build.0 = Release|Any CPU
		{62F34031-3D79-4042-BE28-ABAF781279D2}.Debug|Any CPU.ActiveCfg = Debug|Any CPU
		{62F34031-3D79-4042-BE28-ABAF781279D2}.Debug|Any CPU.Build.0 = Debug|Any CPU
		{62F34031-3D79-4042-BE28-ABAF781279D2}.Release|Any CPU.ActiveCfg = Release|Any CPU
		{62F34031-3D79-4042-BE28-ABAF781279D2}.Release|Any CPU.Build.0 = Release|Any CPU
		{3CB7B607-37D0-4CBB-84E6-F98287936773}.Debug|Any CPU.ActiveCfg = Debug|Any CPU
		{3CB7B607-37D0-4CBB-84E6-F98287936773}.Debug|Any CPU.Build.0 = Debug|Any CPU
		{3CB7B607-37D0-4CBB-84E6-F98287936773}.Release|Any CPU.ActiveCfg = Release|Any CPU
		{3CB7B607-37D0-4CBB-84E6-F98287936773}.Release|Any CPU.Build.0 = Release|Any CPU
		{B49B0A22-1591-4A8A-AD63-7DB0E41D1AD0}.Debug|Any CPU.ActiveCfg = Debug|Any CPU
		{B49B0A22-1591-4A8A-AD63-7DB0E41D1AD0}.Debug|Any CPU.Build.0 = Debug|Any CPU
		{B49B0A22-1591-4A8A-AD63-7DB0E41D1AD0}.Release|Any CPU.ActiveCfg = Release|Any CPU
		{B49B0A22-1591-4A8A-AD63-7DB0E41D1AD0}.Release|Any CPU.Build.0 = Release|Any CPU
		{EF13EC4A-9520-47B7-9DC6-5CA746CEA96F}.Debug|Any CPU.ActiveCfg = Debug|Any CPU
		{EF13EC4A-9520-47B7-9DC6-5CA746CEA96F}.Debug|Any CPU.Build.0 = Debug|Any CPU
		{EF13EC4A-9520-47B7-9DC6-5CA746CEA96F}.Release|Any CPU.ActiveCfg = Release|Any CPU
		{EF13EC4A-9520-47B7-9DC6-5CA746CEA96F}.Release|Any CPU.Build.0 = Release|Any CPU
		{79EE7BD4-21A9-4CF6-B9E6-4DF4B410F3BC}.Debug|Any CPU.ActiveCfg = Debug|Any CPU
		{79EE7BD4-21A9-4CF6-B9E6-4DF4B410F3BC}.Debug|Any CPU.Build.0 = Debug|Any CPU
		{79EE7BD4-21A9-4CF6-B9E6-4DF4B410F3BC}.Release|Any CPU.ActiveCfg = Release|Any CPU
		{79EE7BD4-21A9-4CF6-B9E6-4DF4B410F3BC}.Release|Any CPU.Build.0 = Release|Any CPU
		{C1085A3A-1E73-4041-9F4D-D4572C24C557}.Debug|Any CPU.ActiveCfg = Debug|Any CPU
		{C1085A3A-1E73-4041-9F4D-D4572C24C557}.Debug|Any CPU.Build.0 = Debug|Any CPU
		{C1085A3A-1E73-4041-9F4D-D4572C24C557}.Release|Any CPU.ActiveCfg = Release|Any CPU
		{C1085A3A-1E73-4041-9F4D-D4572C24C557}.Release|Any CPU.Build.0 = Release|Any CPU
		{31C7F9B9-B13B-4CCE-9951-15F751026FE9}.Debug|Any CPU.ActiveCfg = Debug|Any CPU
		{31C7F9B9-B13B-4CCE-9951-15F751026FE9}.Debug|Any CPU.Build.0 = Debug|Any CPU
		{31C7F9B9-B13B-4CCE-9951-15F751026FE9}.Release|Any CPU.ActiveCfg = Release|Any CPU
		{31C7F9B9-B13B-4CCE-9951-15F751026FE9}.Release|Any CPU.Build.0 = Release|Any CPU
		{C25AD061-88CE-42A5-9962-740075FEE6AD}.Debug|Any CPU.ActiveCfg = Debug|Any CPU
		{C25AD061-88CE-42A5-9962-740075FEE6AD}.Debug|Any CPU.Build.0 = Debug|Any CPU
		{C25AD061-88CE-42A5-9962-740075FEE6AD}.Release|Any CPU.ActiveCfg = Release|Any CPU
		{C25AD061-88CE-42A5-9962-740075FEE6AD}.Release|Any CPU.Build.0 = Release|Any CPU
		{0E18D690-E3A1-4761-B142-73C829C3E029}.Debug|Any CPU.ActiveCfg = Debug|Any CPU
		{0E18D690-E3A1-4761-B142-73C829C3E029}.Debug|Any CPU.Build.0 = Debug|Any CPU
		{0E18D690-E3A1-4761-B142-73C829C3E029}.Release|Any CPU.ActiveCfg = Release|Any CPU
		{0E18D690-E3A1-4761-B142-73C829C3E029}.Release|Any CPU.Build.0 = Release|Any CPU
		{DFCD6338-E252-44C1-8DBE-8E81CEAE2A7F}.Debug|Any CPU.ActiveCfg = Debug|Any CPU
		{DFCD6338-E252-44C1-8DBE-8E81CEAE2A7F}.Debug|Any CPU.Build.0 = Debug|Any CPU
		{DFCD6338-E252-44C1-8DBE-8E81CEAE2A7F}.Release|Any CPU.ActiveCfg = Release|Any CPU
		{DFCD6338-E252-44C1-8DBE-8E81CEAE2A7F}.Release|Any CPU.Build.0 = Release|Any CPU
		{1CD43B61-AB4E-48C5-A724-889DD5401A48}.Debug|Any CPU.ActiveCfg = Debug|Any CPU
		{1CD43B61-AB4E-48C5-A724-889DD5401A48}.Debug|Any CPU.Build.0 = Debug|Any CPU
		{1CD43B61-AB4E-48C5-A724-889DD5401A48}.Release|Any CPU.ActiveCfg = Release|Any CPU
		{1CD43B61-AB4E-48C5-A724-889DD5401A48}.Release|Any CPU.Build.0 = Release|Any CPU
		{907542CD-0E47-41E5-9115-F0B354FA562C}.Debug|Any CPU.ActiveCfg = Debug|Any CPU
		{907542CD-0E47-41E5-9115-F0B354FA562C}.Debug|Any CPU.Build.0 = Debug|Any CPU
		{907542CD-0E47-41E5-9115-F0B354FA562C}.Release|Any CPU.ActiveCfg = Release|Any CPU
		{907542CD-0E47-41E5-9115-F0B354FA562C}.Release|Any CPU.Build.0 = Release|Any CPU
		{05E4B4A1-1A03-472D-A898-33DC6B49FB5F}.Debug|Any CPU.ActiveCfg = Debug|Any CPU
		{05E4B4A1-1A03-472D-A898-33DC6B49FB5F}.Debug|Any CPU.Build.0 = Debug|Any CPU
		{05E4B4A1-1A03-472D-A898-33DC6B49FB5F}.Release|Any CPU.ActiveCfg = Release|Any CPU
		{05E4B4A1-1A03-472D-A898-33DC6B49FB5F}.Release|Any CPU.Build.0 = Release|Any CPU
	EndGlobalSection
	GlobalSection(SolutionProperties) = preSolution
		HideSolutionNode = FALSE
	EndGlobalSection
	GlobalSection(NestedProjects) = preSolution
		{C40960B7-E7EF-4FC3-958B-30BEED4C6A56} = {602474EE-1C88-469E-832E-AE06B00D2288}
		{62F34031-3D79-4042-BE28-ABAF781279D2} = {6931CF9C-705C-477D-BDAD-D87CFEDD0BF2}
		{3CB7B607-37D0-4CBB-84E6-F98287936773} = {9548FECE-5733-4A16-8B3F-6BD72669A4B2}
		{B49B0A22-1591-4A8A-AD63-7DB0E41D1AD0} = {9548FECE-5733-4A16-8B3F-6BD72669A4B2}
		{EF13EC4A-9520-47B7-9DC6-5CA746CEA96F} = {602474EE-1C88-469E-832E-AE06B00D2288}
		{79EE7BD4-21A9-4CF6-B9E6-4DF4B410F3BC} = {9548FECE-5733-4A16-8B3F-6BD72669A4B2}
		{C1085A3A-1E73-4041-9F4D-D4572C24C557} = {9548FECE-5733-4A16-8B3F-6BD72669A4B2}
		{31C7F9B9-B13B-4CCE-9951-15F751026FE9} = {9548FECE-5733-4A16-8B3F-6BD72669A4B2}
		{C25AD061-88CE-42A5-9962-740075FEE6AD} = {9548FECE-5733-4A16-8B3F-6BD72669A4B2}
		{0E18D690-E3A1-4761-B142-73C829C3E029} = {6931CF9C-705C-477D-BDAD-D87CFEDD0BF2}
		{DFCD6338-E252-44C1-8DBE-8E81CEAE2A7F} = {602474EE-1C88-469E-832E-AE06B00D2288}
		{1CD43B61-AB4E-48C5-A724-889DD5401A48} = {6931CF9C-705C-477D-BDAD-D87CFEDD0BF2}
		{907542CD-0E47-41E5-9115-F0B354FA562C} = {9548FECE-5733-4A16-8B3F-6BD72669A4B2}
		{05E4B4A1-1A03-472D-A898-33DC6B49FB5F} = {602474EE-1C88-469E-832E-AE06B00D2288}
	EndGlobalSection
	GlobalSection(ExtensibilityGlobals) = postSolution
		SolutionGuid = {46DC06F6-883A-4568-B0BA-0C90702C5583}
	EndGlobalSection
EndGlobal
