
Microsoft Visual Studio Solution File, Format Version 12.00
# Visual Studio Version 17
VisualStudioVersion = 17.0.31903.59
MinimumVisualStudioVersion = 10.0.40219.1
Project("{2150E333-8FDC-42A3-9474-1A3956D46DE8}") = "src", "src", "{236CB6C7-BBEC-466E-AF03-BBEE6E9CDAB3}"
EndProject
Project("{9A19103F-16F7-4668-BE54-9A1E7A4F7556}") = "Juice.Audit", "src\Juice.Audit\Juice.Audit.csproj", "{AA3B4C5E-A3AC-45B9-A024-7A002446CDB9}"
EndProject
Project("{9A19103F-16F7-4668-BE54-9A1E7A4F7556}") = "Juice.Audit.EF", "src\Juice.Audit.EF\Juice.Audit.EF.csproj", "{6939F188-FFF5-47EB-997E-4D125007BA0A}"
EndProject
Project("{9A19103F-16F7-4668-BE54-9A1E7A4F7556}") = "Juice.Audit.EF.PostgreSQL", "src\Juice.Audit.EF.PostgreSQL\Juice.Audit.EF.PostgreSQL.csproj", "{F7F487A0-6225-449F-B45B-4FDE78CA46A8}"
EndProject
Project("{9A19103F-16F7-4668-BE54-9A1E7A4F7556}") = "Juice.Audit.EF.SqlServer", "src\Juice.Audit.EF.SqlServer\Juice.Audit.EF.SqlServer.csproj", "{BD391BA1-12B8-4B02-874A-77A522800F9E}"
EndProject
Project("{2150E333-8FDC-42A3-9474-1A3956D46DE8}") = "test", "test", "{E08E9A08-C892-4DD7-885E-C554F76CBB2C}"
EndProject
Project("{9A19103F-16F7-4668-BE54-9A1E7A4F7556}") = "Juice.Audit.Tests.Host", "test\Juice.Audit.Tests.Host\Juice.Audit.Tests.Host.csproj", "{3B5F00EF-F94F-4620-BCEA-2DB84BA85220}"
EndProject
Project("{2150E333-8FDC-42A3-9474-1A3956D46DE8}") = "refs", "refs", "{AF2719D2-7695-4BF2-981C-FEDBD4F9EBC8}"
EndProject
Project("{9A19103F-16F7-4668-BE54-9A1E7A4F7556}") = "Juice", "..\..\core\src\Juice\Juice.csproj", "{CF5EAB72-7C35-451D-8106-D12F9EC1DE5B}"
EndProject
Project("{9A19103F-16F7-4668-BE54-9A1E7A4F7556}") = "Juice.EF", "..\..\core\src\Juice.EF\Juice.EF.csproj", "{3EF37A85-4B62-4E80-93C7-646F29AD13A4}"
EndProject
Project("{9A19103F-16F7-4668-BE54-9A1E7A4F7556}") = "Juice.MediatR", "..\..\core\src\Juice.MediatR\Juice.MediatR.csproj", "{206A0C65-0211-44F1-B256-88604B6D55B5}"
EndProject
Project("{9A19103F-16F7-4668-BE54-9A1E7A4F7556}") = "Juice.Audit.Api", "src\Juice.Audit.Api\Juice.Audit.Api.csproj", "{D363DC5F-7177-440F-8911-9CE2DD834D49}"
EndProject
Project("{FAE04EC0-301F-11D3-BF4B-00C04F79EFBC}") = "Juice.Audit.Api.Contracts", "src\Juice.Audit.Api.Contracts\Juice.Audit.Api.Contracts.csproj", "{387C850B-B796-4610-82AD-8107AF710EEA}"
EndProject
Project("{FAE04EC0-301F-11D3-BF4B-00C04F79EFBC}") = "Juice.Audit.Tests.GrpcHost", "test\Juice.Audit.Tests.GrpcHost\Juice.Audit.Tests.GrpcHost.csproj", "{A96578A1-16D1-451C-A9A3-6C531B3708C8}"
EndProject
Project("{FAE04EC0-301F-11D3-BF4B-00C04F79EFBC}") = "Juice.Audit.Tests", "test\Juice.Audit.Tests\Juice.Audit.Tests.csproj", "{2F89A75B-766C-4F4E-8D9B-2A750CF8CED2}"
EndProject
Project("{9A19103F-16F7-4668-BE54-9A1E7A4F7556}") = "Juice.XUnit", "..\..\test\Juice.XUnit\Juice.XUnit.csproj", "{BAAB729C-241A-45CC-93F3-E11E84EB5065}"
EndProject
Project("{9A19103F-16F7-4668-BE54-9A1E7A4F7556}") = "Juice.Extensions.Logging", "..\..\core\src\Juice.Extensions.Logging\Juice.Extensions.Logging.csproj", "{6EDF381E-634A-4C8B-A118-0D65B1E94812}"
EndProject
Global
	GlobalSection(SolutionConfigurationPlatforms) = preSolution
		Debug|Any CPU = Debug|Any CPU
		Release|Any CPU = Release|Any CPU
	EndGlobalSection
	GlobalSection(ProjectConfigurationPlatforms) = postSolution
		{AA3B4C5E-A3AC-45B9-A024-7A002446CDB9}.Debug|Any CPU.ActiveCfg = Debug|Any CPU
		{AA3B4C5E-A3AC-45B9-A024-7A002446CDB9}.Debug|Any CPU.Build.0 = Debug|Any CPU
		{AA3B4C5E-A3AC-45B9-A024-7A002446CDB9}.Release|Any CPU.ActiveCfg = Release|Any CPU
		{AA3B4C5E-A3AC-45B9-A024-7A002446CDB9}.Release|Any CPU.Build.0 = Release|Any CPU
		{6939F188-FFF5-47EB-997E-4D125007BA0A}.Debug|Any CPU.ActiveCfg = Debug|Any CPU
		{6939F188-FFF5-47EB-997E-4D125007BA0A}.Debug|Any CPU.Build.0 = Debug|Any CPU
		{6939F188-FFF5-47EB-997E-4D125007BA0A}.Release|Any CPU.ActiveCfg = Release|Any CPU
		{6939F188-FFF5-47EB-997E-4D125007BA0A}.Release|Any CPU.Build.0 = Release|Any CPU
		{F7F487A0-6225-449F-B45B-4FDE78CA46A8}.Debug|Any CPU.ActiveCfg = Debug|Any CPU
		{F7F487A0-6225-449F-B45B-4FDE78CA46A8}.Debug|Any CPU.Build.0 = Debug|Any CPU
		{F7F487A0-6225-449F-B45B-4FDE78CA46A8}.Release|Any CPU.ActiveCfg = Release|Any CPU
		{F7F487A0-6225-449F-B45B-4FDE78CA46A8}.Release|Any CPU.Build.0 = Release|Any CPU
		{BD391BA1-12B8-4B02-874A-77A522800F9E}.Debug|Any CPU.ActiveCfg = Debug|Any CPU
		{BD391BA1-12B8-4B02-874A-77A522800F9E}.Debug|Any CPU.Build.0 = Debug|Any CPU
		{BD391BA1-12B8-4B02-874A-77A522800F9E}.Release|Any CPU.ActiveCfg = Release|Any CPU
		{BD391BA1-12B8-4B02-874A-77A522800F9E}.Release|Any CPU.Build.0 = Release|Any CPU
		{3B5F00EF-F94F-4620-BCEA-2DB84BA85220}.Debug|Any CPU.ActiveCfg = Debug|Any CPU
		{3B5F00EF-F94F-4620-BCEA-2DB84BA85220}.Debug|Any CPU.Build.0 = Debug|Any CPU
		{3B5F00EF-F94F-4620-BCEA-2DB84BA85220}.Release|Any CPU.ActiveCfg = Release|Any CPU
		{3B5F00EF-F94F-4620-BCEA-2DB84BA85220}.Release|Any CPU.Build.0 = Release|Any CPU
		{CF5EAB72-7C35-451D-8106-D12F9EC1DE5B}.Debug|Any CPU.ActiveCfg = Debug|Any CPU
		{CF5EAB72-7C35-451D-8106-D12F9EC1DE5B}.Debug|Any CPU.Build.0 = Debug|Any CPU
		{CF5EAB72-7C35-451D-8106-D12F9EC1DE5B}.Release|Any CPU.ActiveCfg = Release|Any CPU
		{CF5EAB72-7C35-451D-8106-D12F9EC1DE5B}.Release|Any CPU.Build.0 = Release|Any CPU
		{3EF37A85-4B62-4E80-93C7-646F29AD13A4}.Debug|Any CPU.ActiveCfg = Debug|Any CPU
		{3EF37A85-4B62-4E80-93C7-646F29AD13A4}.Debug|Any CPU.Build.0 = Debug|Any CPU
		{3EF37A85-4B62-4E80-93C7-646F29AD13A4}.Release|Any CPU.ActiveCfg = Release|Any CPU
		{3EF37A85-4B62-4E80-93C7-646F29AD13A4}.Release|Any CPU.Build.0 = Release|Any CPU
		{206A0C65-0211-44F1-B256-88604B6D55B5}.Debug|Any CPU.ActiveCfg = Debug|Any CPU
		{206A0C65-0211-44F1-B256-88604B6D55B5}.Debug|Any CPU.Build.0 = Debug|Any CPU
		{206A0C65-0211-44F1-B256-88604B6D55B5}.Release|Any CPU.ActiveCfg = Release|Any CPU
		{206A0C65-0211-44F1-B256-88604B6D55B5}.Release|Any CPU.Build.0 = Release|Any CPU
		{D363DC5F-7177-440F-8911-9CE2DD834D49}.Debug|Any CPU.ActiveCfg = Debug|Any CPU
		{D363DC5F-7177-440F-8911-9CE2DD834D49}.Debug|Any CPU.Build.0 = Debug|Any CPU
		{D363DC5F-7177-440F-8911-9CE2DD834D49}.Release|Any CPU.ActiveCfg = Release|Any CPU
		{D363DC5F-7177-440F-8911-9CE2DD834D49}.Release|Any CPU.Build.0 = Release|Any CPU
		{387C850B-B796-4610-82AD-8107AF710EEA}.Debug|Any CPU.ActiveCfg = Debug|Any CPU
		{387C850B-B796-4610-82AD-8107AF710EEA}.Debug|Any CPU.Build.0 = Debug|Any CPU
		{387C850B-B796-4610-82AD-8107AF710EEA}.Release|Any CPU.ActiveCfg = Release|Any CPU
		{387C850B-B796-4610-82AD-8107AF710EEA}.Release|Any CPU.Build.0 = Release|Any CPU
		{A96578A1-16D1-451C-A9A3-6C531B3708C8}.Debug|Any CPU.ActiveCfg = Debug|Any CPU
		{A96578A1-16D1-451C-A9A3-6C531B3708C8}.Debug|Any CPU.Build.0 = Debug|Any CPU
		{A96578A1-16D1-451C-A9A3-6C531B3708C8}.Release|Any CPU.ActiveCfg = Release|Any CPU
		{A96578A1-16D1-451C-A9A3-6C531B3708C8}.Release|Any CPU.Build.0 = Release|Any CPU
		{2F89A75B-766C-4F4E-8D9B-2A750CF8CED2}.Debug|Any CPU.ActiveCfg = Debug|Any CPU
		{2F89A75B-766C-4F4E-8D9B-2A750CF8CED2}.Debug|Any CPU.Build.0 = Debug|Any CPU
		{2F89A75B-766C-4F4E-8D9B-2A750CF8CED2}.Release|Any CPU.ActiveCfg = Release|Any CPU
		{2F89A75B-766C-4F4E-8D9B-2A750CF8CED2}.Release|Any CPU.Build.0 = Release|Any CPU
		{BAAB729C-241A-45CC-93F3-E11E84EB5065}.Debug|Any CPU.ActiveCfg = Debug|Any CPU
		{BAAB729C-241A-45CC-93F3-E11E84EB5065}.Debug|Any CPU.Build.0 = Debug|Any CPU
		{BAAB729C-241A-45CC-93F3-E11E84EB5065}.Release|Any CPU.ActiveCfg = Release|Any CPU
		{BAAB729C-241A-45CC-93F3-E11E84EB5065}.Release|Any CPU.Build.0 = Release|Any CPU
		{6EDF381E-634A-4C8B-A118-0D65B1E94812}.Debug|Any CPU.ActiveCfg = Debug|Any CPU
		{6EDF381E-634A-4C8B-A118-0D65B1E94812}.Debug|Any CPU.Build.0 = Debug|Any CPU
		{6EDF381E-634A-4C8B-A118-0D65B1E94812}.Release|Any CPU.ActiveCfg = Release|Any CPU
		{6EDF381E-634A-4C8B-A118-0D65B1E94812}.Release|Any CPU.Build.0 = Release|Any CPU
	EndGlobalSection
	GlobalSection(SolutionProperties) = preSolution
		HideSolutionNode = FALSE
	EndGlobalSection
	GlobalSection(NestedProjects) = preSolution
		{AA3B4C5E-A3AC-45B9-A024-7A002446CDB9} = {236CB6C7-BBEC-466E-AF03-BBEE6E9CDAB3}
		{6939F188-FFF5-47EB-997E-4D125007BA0A} = {236CB6C7-BBEC-466E-AF03-BBEE6E9CDAB3}
		{F7F487A0-6225-449F-B45B-4FDE78CA46A8} = {236CB6C7-BBEC-466E-AF03-BBEE6E9CDAB3}
		{BD391BA1-12B8-4B02-874A-77A522800F9E} = {236CB6C7-BBEC-466E-AF03-BBEE6E9CDAB3}
		{3B5F00EF-F94F-4620-BCEA-2DB84BA85220} = {E08E9A08-C892-4DD7-885E-C554F76CBB2C}
		{CF5EAB72-7C35-451D-8106-D12F9EC1DE5B} = {AF2719D2-7695-4BF2-981C-FEDBD4F9EBC8}
		{3EF37A85-4B62-4E80-93C7-646F29AD13A4} = {AF2719D2-7695-4BF2-981C-FEDBD4F9EBC8}
		{206A0C65-0211-44F1-B256-88604B6D55B5} = {AF2719D2-7695-4BF2-981C-FEDBD4F9EBC8}
		{D363DC5F-7177-440F-8911-9CE2DD834D49} = {236CB6C7-BBEC-466E-AF03-BBEE6E9CDAB3}
		{387C850B-B796-4610-82AD-8107AF710EEA} = {236CB6C7-BBEC-466E-AF03-BBEE6E9CDAB3}
		{A96578A1-16D1-451C-A9A3-6C531B3708C8} = {E08E9A08-C892-4DD7-885E-C554F76CBB2C}
		{2F89A75B-766C-4F4E-8D9B-2A750CF8CED2} = {E08E9A08-C892-4DD7-885E-C554F76CBB2C}
		{BAAB729C-241A-45CC-93F3-E11E84EB5065} = {AF2719D2-7695-4BF2-981C-FEDBD4F9EBC8}
		{6EDF381E-634A-4C8B-A118-0D65B1E94812} = {AF2719D2-7695-4BF2-981C-FEDBD4F9EBC8}
	EndGlobalSection
	GlobalSection(ExtensibilityGlobals) = postSolution
		SolutionGuid = {460941A3-8218-4F89-9297-12A89EE9B95A}
	EndGlobalSection
EndGlobal
