
Microsoft Visual Studio Solution File, Format Version 12.00
# Visual Studio Version 17
VisualStudioVersion = 17.1.32407.343
MinimumVisualStudioVersion = 10.0.40219.1
Project("{2150E333-8FDC-42A3-9474-1A3956D46DE8}") = "src", "src", "{AA0452DF-ED3A-4C1C-8A18-69404067D98B}"
EndProject
Project("{9A19103F-16F7-4668-BE54-9A1E7A4F7556}") = "Juice.Timers", "src\Juice.Timers\Juice.Timers.csproj", "{AACBB085-F1D7-4ADD-BF56-3111E2A38043}"
EndProject
Project("{9A19103F-16F7-4668-BE54-9A1E7A4F7556}") = "Juice", "..\..\core\src\Juice\Juice.csproj", "{58243E08-D9DF-48B8-88A2-6363B50BB7BC}"
EndProject
Project("{9A19103F-16F7-4668-BE54-9A1E7A4F7556}") = "Juice.EF", "..\..\core\src\Juice.EF\Juice.EF.csproj", "{299661DD-52E5-4D74-B653-89D0D312941A}"
EndProject
Project("{9A19103F-16F7-4668-BE54-9A1E7A4F7556}") = "Juice.MediatR", "..\..\core\src\Juice.MediatR\Juice.MediatR.csproj", "{738B9077-280B-446E-ADAB-6CF8CD5E0279}"
EndProject
Project("{9A19103F-16F7-4668-BE54-9A1E7A4F7556}") = "Juice.MediatR.RequestManager.EF", "..\..\core\src\Juice.MediatR.RequestManager.EF\Juice.MediatR.RequestManager.EF.csproj", "{DB526535-E225-4423-AC53-08ADAAF1D407}"
EndProject
Project("{9A19103F-16F7-4668-BE54-9A1E7A4F7556}") = "Juice.MediatR.RequestManager.EF.PostgreSQL", "..\..\core\src\Juice.MediatR.RequestManager.EF.PostgreSQL\Juice.MediatR.RequestManager.EF.PostgreSQL.csproj", "{3301AA78-B88B-4FCC-BA2B-8F7F5358A4BC}"
EndProject
Project("{9A19103F-16F7-4668-BE54-9A1E7A4F7556}") = "Juice.MediatR.RequestManager.EF.SqlServer", "..\..\core\src\Juice.MediatR.RequestManager.EF.SqlServer\Juice.MediatR.RequestManager.EF.SqlServer.csproj", "{1D0454C7-A590-4FBA-BAF1-30BB9225A00F}"
EndProject
Project("{9A19103F-16F7-4668-BE54-9A1E7A4F7556}") = "Juice.Timers.Api", "src\Juice.Timers.Api\Juice.Timers.Api.csproj", "{04CF09B2-B829-4144-B32C-51E679466B01}"
EndProject
Project("{9A19103F-16F7-4668-BE54-9A1E7A4F7556}") = "Juice.Timers.EF", "src\Juice.Timers.EF\Juice.Timers.EF.csproj", "{E90DA35C-BAC1-4F6A-ADC2-1D3091509386}"
EndProject
Project("{9A19103F-16F7-4668-BE54-9A1E7A4F7556}") = "Juice.EventBus", "..\..\core\src\Juice.EventBus\Juice.EventBus.csproj", "{82B7BCDC-BA7B-4A58-9304-39F5E44802A2}"
EndProject
Project("{9A19103F-16F7-4668-BE54-9A1E7A4F7556}") = "Juice.EventBus.IntegrationEventLog.EF", "..\..\core\src\Juice.EventBus.IntegrationEventLog.EF\Juice.EventBus.IntegrationEventLog.EF.csproj", "{2E499517-7D1B-4EBE-9C1E-0ADFBB2B9A34}"
EndProject
Project("{9A19103F-16F7-4668-BE54-9A1E7A4F7556}") = "Juice.EventBus.IntegrationEventLog.EF.PostgreSQL", "..\..\core\src\Juice.EventBus.IntegrationEventLog.EF.PostgreSQL\Juice.EventBus.IntegrationEventLog.EF.PostgreSQL.csproj", "{CBD8A90A-DA1B-4855-86E4-4385BE1FB29E}"
EndProject
Project("{9A19103F-16F7-4668-BE54-9A1E7A4F7556}") = "Juice.EventBus.IntegrationEventLog.EF.SqlServer", "..\..\core\src\Juice.EventBus.IntegrationEventLog.EF.SqlServer\Juice.EventBus.IntegrationEventLog.EF.SqlServer.csproj", "{05F32D31-FF6A-4CDB-8A81-32F689C6A8AB}"
EndProject
Project("{9A19103F-16F7-4668-BE54-9A1E7A4F7556}") = "Juice.EventBus.RabbitMQ", "..\..\core\src\Juice.EventBus.RabbitMQ\Juice.EventBus.RabbitMQ.csproj", "{F2B28B33-ED7C-4069-AC19-D4403AC01FFB}"
EndProject
Project("{9A19103F-16F7-4668-BE54-9A1E7A4F7556}") = "Juice.Integrations", "..\..\core\src\Juice.Integrations\Juice.Integrations.csproj", "{3F59EDBB-97FE-413C-A1FC-60B5A360A08B}"
EndProject
Project("{9A19103F-16F7-4668-BE54-9A1E7A4F7556}") = "Juice.Timers.Api.Contracts", "src\Juice.Timers.Api.Contracts\Juice.Timers.Api.Contracts.csproj", "{81601A7F-DD03-4641-96A3-9B96FF28438A}"
EndProject
Project("{9A19103F-16F7-4668-BE54-9A1E7A4F7556}") = "Juice.Timers.EF.PostgreSQL", "src\Juice.Timers.EF.PostgreSQL\Juice.Timers.EF.PostgreSQL.csproj", "{A3269CD7-3601-4562-BD5E-0CE96EF99521}"
EndProject
Project("{9A19103F-16F7-4668-BE54-9A1E7A4F7556}") = "Juice.Timers.EF.SqlServer", "src\Juice.Timers.EF.SqlServer\Juice.Timers.EF.SqlServer.csproj", "{BCE4B937-19B6-443F-9D37-8814C0116DB8}"
EndProject
Project("{2150E333-8FDC-42A3-9474-1A3956D46DE8}") = "test", "test", "{440E68F2-3619-47AC-A113-DE93A86BA4E6}"
EndProject
Project("{9A19103F-16F7-4668-BE54-9A1E7A4F7556}") = "Juice.Timers.Tests.Host", "test\Juice.Timers.Tests.Host\Juice.Timers.Tests.Host.csproj", "{6CBEC797-A34C-45DD-8832-B21213901E7A}"
EndProject
Project("{9A19103F-16F7-4668-BE54-9A1E7A4F7556}") = "Juice.Timers.BackgroundTasks", "src\Juice.Timers.BackgroundTasks\Juice.Timers.BackgroundTasks.csproj", "{0C9F13FD-666F-4CC9-8DC1-15B3B11A6E9A}"
EndProject
Project("{9A19103F-16F7-4668-BE54-9A1E7A4F7556}") = "Juice.Timers.Tests", "test\Juice.Timers.Tests\Juice.Timers.Tests.csproj", "{8CCA4BAE-B1A9-4A26-B967-9BD70C2064AF}"
EndProject
Project("{9A19103F-16F7-4668-BE54-9A1E7A4F7556}") = "Juice.XUnit", "..\..\test\Juice.XUnit\Juice.XUnit.csproj", "{7FB16C81-2B90-41CC-98CE-FABDAC88AD85}"
EndProject
Project("{9A19103F-16F7-4668-BE54-9A1E7A4F7556}") = "Juice.Extensions.Logging", "..\..\core\src\Juice.Extensions.Logging\Juice.Extensions.Logging.csproj", "{F48639F2-C2A2-4129-A2BD-8352C8B144A7}"
EndProject
Project("{2150E333-8FDC-42A3-9474-1A3956D46DE8}") = "refs", "refs", "{297CA88E-DE94-4306-89AA-76E6BDAB6315}"
EndProject
Project("{9A19103F-16F7-4668-BE54-9A1E7A4F7556}") = "Juice.MediatR.RequestManager.Redis", "..\..\core\src\Juice.MediatR.RequestManager.Redis\Juice.MediatR.RequestManager.Redis.csproj", "{828C8C99-9A2F-47FB-8095-4B505FFC21FC}"
EndProject
Global
	GlobalSection(SolutionConfigurationPlatforms) = preSolution
		Debug|Any CPU = Debug|Any CPU
		Release|Any CPU = Release|Any CPU
	EndGlobalSection
	GlobalSection(ProjectConfigurationPlatforms) = postSolution
		{AACBB085-F1D7-4ADD-BF56-3111E2A38043}.Debug|Any CPU.ActiveCfg = Debug|Any CPU
		{AACBB085-F1D7-4ADD-BF56-3111E2A38043}.Debug|Any CPU.Build.0 = Debug|Any CPU
		{AACBB085-F1D7-4ADD-BF56-3111E2A38043}.Release|Any CPU.ActiveCfg = Release|Any CPU
		{AACBB085-F1D7-4ADD-BF56-3111E2A38043}.Release|Any CPU.Build.0 = Release|Any CPU
		{58243E08-D9DF-48B8-88A2-6363B50BB7BC}.Debug|Any CPU.ActiveCfg = Debug|Any CPU
		{58243E08-D9DF-48B8-88A2-6363B50BB7BC}.Debug|Any CPU.Build.0 = Debug|Any CPU
		{58243E08-D9DF-48B8-88A2-6363B50BB7BC}.Release|Any CPU.ActiveCfg = Release|Any CPU
		{58243E08-D9DF-48B8-88A2-6363B50BB7BC}.Release|Any CPU.Build.0 = Release|Any CPU
		{299661DD-52E5-4D74-B653-89D0D312941A}.Debug|Any CPU.ActiveCfg = Debug|Any CPU
		{299661DD-52E5-4D74-B653-89D0D312941A}.Debug|Any CPU.Build.0 = Debug|Any CPU
		{299661DD-52E5-4D74-B653-89D0D312941A}.Release|Any CPU.ActiveCfg = Release|Any CPU
		{299661DD-52E5-4D74-B653-89D0D312941A}.Release|Any CPU.Build.0 = Release|Any CPU
		{738B9077-280B-446E-ADAB-6CF8CD5E0279}.Debug|Any CPU.ActiveCfg = Debug|Any CPU
		{738B9077-280B-446E-ADAB-6CF8CD5E0279}.Debug|Any CPU.Build.0 = Debug|Any CPU
		{738B9077-280B-446E-ADAB-6CF8CD5E0279}.Release|Any CPU.ActiveCfg = Release|Any CPU
		{738B9077-280B-446E-ADAB-6CF8CD5E0279}.Release|Any CPU.Build.0 = Release|Any CPU
		{DB526535-E225-4423-AC53-08ADAAF1D407}.Debug|Any CPU.ActiveCfg = Debug|Any CPU
		{DB526535-E225-4423-AC53-08ADAAF1D407}.Debug|Any CPU.Build.0 = Debug|Any CPU
		{DB526535-E225-4423-AC53-08ADAAF1D407}.Release|Any CPU.ActiveCfg = Release|Any CPU
		{DB526535-E225-4423-AC53-08ADAAF1D407}.Release|Any CPU.Build.0 = Release|Any CPU
		{3301AA78-B88B-4FCC-BA2B-8F7F5358A4BC}.Debug|Any CPU.ActiveCfg = Debug|Any CPU
		{3301AA78-B88B-4FCC-BA2B-8F7F5358A4BC}.Debug|Any CPU.Build.0 = Debug|Any CPU
		{3301AA78-B88B-4FCC-BA2B-8F7F5358A4BC}.Release|Any CPU.ActiveCfg = Release|Any CPU
		{3301AA78-B88B-4FCC-BA2B-8F7F5358A4BC}.Release|Any CPU.Build.0 = Release|Any CPU
		{1D0454C7-A590-4FBA-BAF1-30BB9225A00F}.Debug|Any CPU.ActiveCfg = Debug|Any CPU
		{1D0454C7-A590-4FBA-BAF1-30BB9225A00F}.Debug|Any CPU.Build.0 = Debug|Any CPU
		{1D0454C7-A590-4FBA-BAF1-30BB9225A00F}.Release|Any CPU.ActiveCfg = Release|Any CPU
		{1D0454C7-A590-4FBA-BAF1-30BB9225A00F}.Release|Any CPU.Build.0 = Release|Any CPU
		{04CF09B2-B829-4144-B32C-51E679466B01}.Debug|Any CPU.ActiveCfg = Debug|Any CPU
		{04CF09B2-B829-4144-B32C-51E679466B01}.Debug|Any CPU.Build.0 = Debug|Any CPU
		{04CF09B2-B829-4144-B32C-51E679466B01}.Release|Any CPU.ActiveCfg = Release|Any CPU
		{04CF09B2-B829-4144-B32C-51E679466B01}.Release|Any CPU.Build.0 = Release|Any CPU
		{E90DA35C-BAC1-4F6A-ADC2-1D3091509386}.Debug|Any CPU.ActiveCfg = Debug|Any CPU
		{E90DA35C-BAC1-4F6A-ADC2-1D3091509386}.Debug|Any CPU.Build.0 = Debug|Any CPU
		{E90DA35C-BAC1-4F6A-ADC2-1D3091509386}.Release|Any CPU.ActiveCfg = Release|Any CPU
		{E90DA35C-BAC1-4F6A-ADC2-1D3091509386}.Release|Any CPU.Build.0 = Release|Any CPU
		{82B7BCDC-BA7B-4A58-9304-39F5E44802A2}.Debug|Any CPU.ActiveCfg = Debug|Any CPU
		{82B7BCDC-BA7B-4A58-9304-39F5E44802A2}.Debug|Any CPU.Build.0 = Debug|Any CPU
		{82B7BCDC-BA7B-4A58-9304-39F5E44802A2}.Release|Any CPU.ActiveCfg = Release|Any CPU
		{82B7BCDC-BA7B-4A58-9304-39F5E44802A2}.Release|Any CPU.Build.0 = Release|Any CPU
		{2E499517-7D1B-4EBE-9C1E-0ADFBB2B9A34}.Debug|Any CPU.ActiveCfg = Debug|Any CPU
		{2E499517-7D1B-4EBE-9C1E-0ADFBB2B9A34}.Debug|Any CPU.Build.0 = Debug|Any CPU
		{2E499517-7D1B-4EBE-9C1E-0ADFBB2B9A34}.Release|Any CPU.ActiveCfg = Release|Any CPU
		{2E499517-7D1B-4EBE-9C1E-0ADFBB2B9A34}.Release|Any CPU.Build.0 = Release|Any CPU
		{CBD8A90A-DA1B-4855-86E4-4385BE1FB29E}.Debug|Any CPU.ActiveCfg = Debug|Any CPU
		{CBD8A90A-DA1B-4855-86E4-4385BE1FB29E}.Debug|Any CPU.Build.0 = Debug|Any CPU
		{CBD8A90A-DA1B-4855-86E4-4385BE1FB29E}.Release|Any CPU.ActiveCfg = Release|Any CPU
		{CBD8A90A-DA1B-4855-86E4-4385BE1FB29E}.Release|Any CPU.Build.0 = Release|Any CPU
		{05F32D31-FF6A-4CDB-8A81-32F689C6A8AB}.Debug|Any CPU.ActiveCfg = Debug|Any CPU
		{05F32D31-FF6A-4CDB-8A81-32F689C6A8AB}.Debug|Any CPU.Build.0 = Debug|Any CPU
		{05F32D31-FF6A-4CDB-8A81-32F689C6A8AB}.Release|Any CPU.ActiveCfg = Release|Any CPU
		{05F32D31-FF6A-4CDB-8A81-32F689C6A8AB}.Release|Any CPU.Build.0 = Release|Any CPU
		{F2B28B33-ED7C-4069-AC19-D4403AC01FFB}.Debug|Any CPU.ActiveCfg = Debug|Any CPU
		{F2B28B33-ED7C-4069-AC19-D4403AC01FFB}.Debug|Any CPU.Build.0 = Debug|Any CPU
		{F2B28B33-ED7C-4069-AC19-D4403AC01FFB}.Release|Any CPU.ActiveCfg = Release|Any CPU
		{F2B28B33-ED7C-4069-AC19-D4403AC01FFB}.Release|Any CPU.Build.0 = Release|Any CPU
		{3F59EDBB-97FE-413C-A1FC-60B5A360A08B}.Debug|Any CPU.ActiveCfg = Debug|Any CPU
		{3F59EDBB-97FE-413C-A1FC-60B5A360A08B}.Debug|Any CPU.Build.0 = Debug|Any CPU
		{3F59EDBB-97FE-413C-A1FC-60B5A360A08B}.Release|Any CPU.ActiveCfg = Release|Any CPU
		{3F59EDBB-97FE-413C-A1FC-60B5A360A08B}.Release|Any CPU.Build.0 = Release|Any CPU
		{81601A7F-DD03-4641-96A3-9B96FF28438A}.Debug|Any CPU.ActiveCfg = Debug|Any CPU
		{81601A7F-DD03-4641-96A3-9B96FF28438A}.Debug|Any CPU.Build.0 = Debug|Any CPU
		{81601A7F-DD03-4641-96A3-9B96FF28438A}.Release|Any CPU.ActiveCfg = Release|Any CPU
		{81601A7F-DD03-4641-96A3-9B96FF28438A}.Release|Any CPU.Build.0 = Release|Any CPU
		{A3269CD7-3601-4562-BD5E-0CE96EF99521}.Debug|Any CPU.ActiveCfg = Debug|Any CPU
		{A3269CD7-3601-4562-BD5E-0CE96EF99521}.Debug|Any CPU.Build.0 = Debug|Any CPU
		{A3269CD7-3601-4562-BD5E-0CE96EF99521}.Release|Any CPU.ActiveCfg = Release|Any CPU
		{A3269CD7-3601-4562-BD5E-0CE96EF99521}.Release|Any CPU.Build.0 = Release|Any CPU
		{BCE4B937-19B6-443F-9D37-8814C0116DB8}.Debug|Any CPU.ActiveCfg = Debug|Any CPU
		{BCE4B937-19B6-443F-9D37-8814C0116DB8}.Debug|Any CPU.Build.0 = Debug|Any CPU
		{BCE4B937-19B6-443F-9D37-8814C0116DB8}.Release|Any CPU.ActiveCfg = Release|Any CPU
		{BCE4B937-19B6-443F-9D37-8814C0116DB8}.Release|Any CPU.Build.0 = Release|Any CPU
		{6CBEC797-A34C-45DD-8832-B21213901E7A}.Debug|Any CPU.ActiveCfg = Debug|Any CPU
		{6CBEC797-A34C-45DD-8832-B21213901E7A}.Debug|Any CPU.Build.0 = Debug|Any CPU
		{6CBEC797-A34C-45DD-8832-B21213901E7A}.Release|Any CPU.ActiveCfg = Release|Any CPU
		{6CBEC797-A34C-45DD-8832-B21213901E7A}.Release|Any CPU.Build.0 = Release|Any CPU
		{0C9F13FD-666F-4CC9-8DC1-15B3B11A6E9A}.Debug|Any CPU.ActiveCfg = Debug|Any CPU
		{0C9F13FD-666F-4CC9-8DC1-15B3B11A6E9A}.Debug|Any CPU.Build.0 = Debug|Any CPU
		{0C9F13FD-666F-4CC9-8DC1-15B3B11A6E9A}.Release|Any CPU.ActiveCfg = Release|Any CPU
		{0C9F13FD-666F-4CC9-8DC1-15B3B11A6E9A}.Release|Any CPU.Build.0 = Release|Any CPU
		{8CCA4BAE-B1A9-4A26-B967-9BD70C2064AF}.Debug|Any CPU.ActiveCfg = Debug|Any CPU
		{8CCA4BAE-B1A9-4A26-B967-9BD70C2064AF}.Debug|Any CPU.Build.0 = Debug|Any CPU
		{8CCA4BAE-B1A9-4A26-B967-9BD70C2064AF}.Release|Any CPU.ActiveCfg = Release|Any CPU
		{8CCA4BAE-B1A9-4A26-B967-9BD70C2064AF}.Release|Any CPU.Build.0 = Release|Any CPU
		{7FB16C81-2B90-41CC-98CE-FABDAC88AD85}.Debug|Any CPU.ActiveCfg = Debug|Any CPU
		{7FB16C81-2B90-41CC-98CE-FABDAC88AD85}.Debug|Any CPU.Build.0 = Debug|Any CPU
		{7FB16C81-2B90-41CC-98CE-FABDAC88AD85}.Release|Any CPU.ActiveCfg = Release|Any CPU
		{7FB16C81-2B90-41CC-98CE-FABDAC88AD85}.Release|Any CPU.Build.0 = Release|Any CPU
		{F48639F2-C2A2-4129-A2BD-8352C8B144A7}.Debug|Any CPU.ActiveCfg = Debug|Any CPU
		{F48639F2-C2A2-4129-A2BD-8352C8B144A7}.Debug|Any CPU.Build.0 = Debug|Any CPU
		{F48639F2-C2A2-4129-A2BD-8352C8B144A7}.Release|Any CPU.ActiveCfg = Release|Any CPU
		{F48639F2-C2A2-4129-A2BD-8352C8B144A7}.Release|Any CPU.Build.0 = Release|Any CPU
		{828C8C99-9A2F-47FB-8095-4B505FFC21FC}.Debug|Any CPU.ActiveCfg = Debug|Any CPU
		{828C8C99-9A2F-47FB-8095-4B505FFC21FC}.Debug|Any CPU.Build.0 = Debug|Any CPU
		{828C8C99-9A2F-47FB-8095-4B505FFC21FC}.Release|Any CPU.ActiveCfg = Release|Any CPU
		{828C8C99-9A2F-47FB-8095-4B505FFC21FC}.Release|Any CPU.Build.0 = Release|Any CPU
	EndGlobalSection
	GlobalSection(SolutionProperties) = preSolution
		HideSolutionNode = FALSE
	EndGlobalSection
	GlobalSection(NestedProjects) = preSolution
		{AACBB085-F1D7-4ADD-BF56-3111E2A38043} = {AA0452DF-ED3A-4C1C-8A18-69404067D98B}
		{58243E08-D9DF-48B8-88A2-6363B50BB7BC} = {297CA88E-DE94-4306-89AA-76E6BDAB6315}
		{299661DD-52E5-4D74-B653-89D0D312941A} = {297CA88E-DE94-4306-89AA-76E6BDAB6315}
		{738B9077-280B-446E-ADAB-6CF8CD5E0279} = {297CA88E-DE94-4306-89AA-76E6BDAB6315}
		{DB526535-E225-4423-AC53-08ADAAF1D407} = {297CA88E-DE94-4306-89AA-76E6BDAB6315}
		{3301AA78-B88B-4FCC-BA2B-8F7F5358A4BC} = {297CA88E-DE94-4306-89AA-76E6BDAB6315}
		{1D0454C7-A590-4FBA-BAF1-30BB9225A00F} = {297CA88E-DE94-4306-89AA-76E6BDAB6315}
		{04CF09B2-B829-4144-B32C-51E679466B01} = {AA0452DF-ED3A-4C1C-8A18-69404067D98B}
		{E90DA35C-BAC1-4F6A-ADC2-1D3091509386} = {AA0452DF-ED3A-4C1C-8A18-69404067D98B}
		{82B7BCDC-BA7B-4A58-9304-39F5E44802A2} = {297CA88E-DE94-4306-89AA-76E6BDAB6315}
		{2E499517-7D1B-4EBE-9C1E-0ADFBB2B9A34} = {297CA88E-DE94-4306-89AA-76E6BDAB6315}
		{CBD8A90A-DA1B-4855-86E4-4385BE1FB29E} = {297CA88E-DE94-4306-89AA-76E6BDAB6315}
		{05F32D31-FF6A-4CDB-8A81-32F689C6A8AB} = {297CA88E-DE94-4306-89AA-76E6BDAB6315}
		{F2B28B33-ED7C-4069-AC19-D4403AC01FFB} = {297CA88E-DE94-4306-89AA-76E6BDAB6315}
		{3F59EDBB-97FE-413C-A1FC-60B5A360A08B} = {297CA88E-DE94-4306-89AA-76E6BDAB6315}
		{81601A7F-DD03-4641-96A3-9B96FF28438A} = {AA0452DF-ED3A-4C1C-8A18-69404067D98B}
		{A3269CD7-3601-4562-BD5E-0CE96EF99521} = {AA0452DF-ED3A-4C1C-8A18-69404067D98B}
		{BCE4B937-19B6-443F-9D37-8814C0116DB8} = {AA0452DF-ED3A-4C1C-8A18-69404067D98B}
		{6CBEC797-A34C-45DD-8832-B21213901E7A} = {440E68F2-3619-47AC-A113-DE93A86BA4E6}
		{0C9F13FD-666F-4CC9-8DC1-15B3B11A6E9A} = {AA0452DF-ED3A-4C1C-8A18-69404067D98B}
		{8CCA4BAE-B1A9-4A26-B967-9BD70C2064AF} = {440E68F2-3619-47AC-A113-DE93A86BA4E6}
		{7FB16C81-2B90-41CC-98CE-FABDAC88AD85} = {297CA88E-DE94-4306-89AA-76E6BDAB6315}
		{F48639F2-C2A2-4129-A2BD-8352C8B144A7} = {297CA88E-DE94-4306-89AA-76E6BDAB6315}
		{828C8C99-9A2F-47FB-8095-4B505FFC21FC} = {297CA88E-DE94-4306-89AA-76E6BDAB6315}
	EndGlobalSection
	GlobalSection(ExtensibilityGlobals) = postSolution
		SolutionGuid = {E12C0C51-F3CC-4F13-AF15-DC92FCA9915B}
	EndGlobalSection
EndGlobal
