
Microsoft Visual Studio Solution File, Format Version 12.00
# Visual Studio Version 17
VisualStudioVersion = 17.1.32407.343
MinimumVisualStudioVersion = 10.0.40219.1
Project("{2150E333-8FDC-42A3-9474-1A3956D46DE8}") = "src", "src", "{D8B637D6-824B-43D3-B4A3-5B43EED4EA49}"
EndProject
Project("{9A19103F-16F7-4668-BE54-9A1E7A4F7556}") = "Juice", "..\..\core\src\Juice\Juice.csproj", "{D3AD800F-C8A9-451D-8DFF-B2A6CF1BAA40}"
EndProject
Project("{9A19103F-16F7-4668-BE54-9A1E7A4F7556}") = "Juice.Workflows", "src\Juice.Workflows\Juice.Workflows.csproj", "{5017E06A-669E-445E-ACBB-C4D0ED9152E9}"
EndProject
Project("{2150E333-8FDC-42A3-9474-1A3956D46DE8}") = "test", "test", "{70B24DBB-F994-47D6-9525-10B03203740D}"
EndProject
Project("{9A19103F-16F7-4668-BE54-9A1E7A4F7556}") = "Juice.Workflows.Tests", "test\Juice.Workflows.Tests\Juice.Workflows.Tests.csproj", "{AD8D3A5F-B08B-4C8B-940C-8436F8B69F22}"
EndProject
Project("{2150E333-8FDC-42A3-9474-1A3956D46DE8}") = "Solution Items", "Solution Items", "{87F0DD7D-66AF-4409-BB36-BB0B1E9A55A2}"
	ProjectSection(SolutionItems) = preProject
		..\..\Directory.Build.props = ..\..\Directory.Build.props
	EndProjectSection
EndProject
Project("{9A19103F-16F7-4668-BE54-9A1E7A4F7556}") = "Juice.MediatR", "..\..\core\src\Juice.MediatR\Juice.MediatR.csproj", "{99DB1FEA-1465-4C94-BE52-E24EA181C069}"
EndProject
Project("{9A19103F-16F7-4668-BE54-9A1E7A4F7556}") = "Juice.Workflows.Yaml", "src\Juice.Workflows.Yaml\Juice.Workflows.Yaml.csproj", "{A1D5070F-78AF-4C1A-B41A-3436470FDD02}"
EndProject
Project("{9A19103F-16F7-4668-BE54-9A1E7A4F7556}") = "Juice.Workflows.EF", "src\Juice.Workflows.EF\Juice.Workflows.EF.csproj", "{A31AC20D-ACED-44AF-A8A3-BC769BF533B0}"
EndProject
Project("{9A19103F-16F7-4668-BE54-9A1E7A4F7556}") = "Juice.Workflows.Api", "src\Juice.Workflows.Api\Juice.Workflows.Api.csproj", "{81072C34-67CD-463F-BDD4-65B48F23C99D}"
EndProject
Project("{9A19103F-16F7-4668-BE54-9A1E7A4F7556}") = "Juice.Workflows.Bpmn", "src\Juice.Workflows.Bpmn\Juice.Workflows.Bpmn.csproj", "{C1CC2126-291B-4E75-9B4F-1524DEF42C1B}"
EndProject
Project("{9A19103F-16F7-4668-BE54-9A1E7A4F7556}") = "Juice.EF", "..\..\core\src\Juice.EF\Juice.EF.csproj", "{4D5EC546-BDA4-4040-B23A-27BCC4AF13F7}"
EndProject
Project("{9A19103F-16F7-4668-BE54-9A1E7A4F7556}") = "Juice.Integrations", "..\..\core\src\Juice.Integrations\Juice.Integrations.csproj", "{18790E9F-43D0-4549-A0ED-1531EB275F07}"
EndProject
Project("{9A19103F-16F7-4668-BE54-9A1E7A4F7556}") = "Juice.EventBus.IntegrationEventLog.EF", "..\..\core\src\Juice.EventBus.IntegrationEventLog.EF\Juice.EventBus.IntegrationEventLog.EF.csproj", "{BD5AFA01-E18A-498F-8882-EFD25E27C38A}"
EndProject
Project("{9A19103F-16F7-4668-BE54-9A1E7A4F7556}") = "Juice.EventBus", "..\..\core\src\Juice.EventBus\Juice.EventBus.csproj", "{BEAF4BDB-C264-4D91-BE4D-0195E6679451}"
EndProject
Project("{9A19103F-16F7-4668-BE54-9A1E7A4F7556}") = "Juice.Workflows.EF.SqlServer", "src\Juice.Workflows.EF.SqlServer\Juice.Workflows.EF.SqlServer.csproj", "{9B526B6B-75CB-470B-BAAB-FC35DB2986DA}"
EndProject
Project("{9A19103F-16F7-4668-BE54-9A1E7A4F7556}") = "Juice.Workflows.EF.PostgreSQL", "src\Juice.Workflows.EF.PostgreSQL\Juice.Workflows.EF.PostgreSQL.csproj", "{7123CC5D-1DC4-45E8-9E3B-18237540C761}"
EndProject
Project("{9A19103F-16F7-4668-BE54-9A1E7A4F7556}") = "Juice.Workflows.Tests.Host", "test\Juice.Workflows.Tests.Host\Juice.Workflows.Tests.Host.csproj", "{87B6FBC8-2C2E-4CAB-94AB-9C383F5E1677}"
EndProject
Project("{9A19103F-16F7-4668-BE54-9A1E7A4F7556}") = "Juice.Workflows.Api.Contracts", "src\Juice.Workflows.Api.Contracts\Juice.Workflows.Api.Contracts.csproj", "{A308B02F-9F03-47BB-BFF7-DF1D5DBF58FD}"
EndProject
Project("{9A19103F-16F7-4668-BE54-9A1E7A4F7556}") = "Juice.Timers.Api.Contracts", "..\timer\src\Juice.Timers.Api.Contracts\Juice.Timers.Api.Contracts.csproj", "{4E70581E-B159-4E4A-A4F1-A5FB941BD119}"
EndProject
Project("{9A19103F-16F7-4668-BE54-9A1E7A4F7556}") = "Juice.EventBus.RabbitMQ", "..\..\core\src\Juice.EventBus.RabbitMQ\Juice.EventBus.RabbitMQ.csproj", "{170180A1-D55B-487A-90B5-DFA9ED255A25}"
EndProject
Project("{9A19103F-16F7-4668-BE54-9A1E7A4F7556}") = "Juice.EventBus.IntegrationEventLog.EF.PostgreSQL", "..\..\core\src\Juice.EventBus.IntegrationEventLog.EF.PostgreSQL\Juice.EventBus.IntegrationEventLog.EF.PostgreSQL.csproj", "{D9D0BB81-6F3B-47AF-96F1-E5B2A6B2D4C3}"
EndProject
Project("{9A19103F-16F7-4668-BE54-9A1E7A4F7556}") = "Juice.MediatR.Redis", "..\..\core\src\Juice.MediatR.Redis\Juice.MediatR.Redis.csproj", "{33250DAC-5386-4FD1-B6F4-ACE97576C6DB}"
EndProject
Project("{9A19103F-16F7-4668-BE54-9A1E7A4F7556}") = "Juice.XUnit", "..\..\test\Juice.XUnit\Juice.XUnit.csproj", "{0DD4AFE0-9180-4C3F-91F1-D12591A65D77}"
EndProject
Project("{9A19103F-16F7-4668-BE54-9A1E7A4F7556}") = "Juice.Extensions.Logging", "..\..\core\src\Juice.Extensions.Logging\Juice.Extensions.Logging.csproj", "{41079B14-E7A7-44D8-8F59-D81951C09695}"
EndProject
Global
	GlobalSection(SolutionConfigurationPlatforms) = preSolution
		Debug|Any CPU = Debug|Any CPU
		Release|Any CPU = Release|Any CPU
	EndGlobalSection
	GlobalSection(ProjectConfigurationPlatforms) = postSolution
		{D3AD800F-C8A9-451D-8DFF-B2A6CF1BAA40}.Debug|Any CPU.ActiveCfg = Debug|Any CPU
		{D3AD800F-C8A9-451D-8DFF-B2A6CF1BAA40}.Debug|Any CPU.Build.0 = Debug|Any CPU
		{D3AD800F-C8A9-451D-8DFF-B2A6CF1BAA40}.Release|Any CPU.ActiveCfg = Release|Any CPU
		{D3AD800F-C8A9-451D-8DFF-B2A6CF1BAA40}.Release|Any CPU.Build.0 = Release|Any CPU
		{5017E06A-669E-445E-ACBB-C4D0ED9152E9}.Debug|Any CPU.ActiveCfg = Debug|Any CPU
		{5017E06A-669E-445E-ACBB-C4D0ED9152E9}.Debug|Any CPU.Build.0 = Debug|Any CPU
		{5017E06A-669E-445E-ACBB-C4D0ED9152E9}.Release|Any CPU.ActiveCfg = Release|Any CPU
		{5017E06A-669E-445E-ACBB-C4D0ED9152E9}.Release|Any CPU.Build.0 = Release|Any CPU
		{AD8D3A5F-B08B-4C8B-940C-8436F8B69F22}.Debug|Any CPU.ActiveCfg = Debug|Any CPU
		{AD8D3A5F-B08B-4C8B-940C-8436F8B69F22}.Debug|Any CPU.Build.0 = Debug|Any CPU
		{AD8D3A5F-B08B-4C8B-940C-8436F8B69F22}.Release|Any CPU.ActiveCfg = Release|Any CPU
		{AD8D3A5F-B08B-4C8B-940C-8436F8B69F22}.Release|Any CPU.Build.0 = Release|Any CPU
		{99DB1FEA-1465-4C94-BE52-E24EA181C069}.Debug|Any CPU.ActiveCfg = Debug|Any CPU
		{99DB1FEA-1465-4C94-BE52-E24EA181C069}.Debug|Any CPU.Build.0 = Debug|Any CPU
		{99DB1FEA-1465-4C94-BE52-E24EA181C069}.Release|Any CPU.ActiveCfg = Release|Any CPU
		{99DB1FEA-1465-4C94-BE52-E24EA181C069}.Release|Any CPU.Build.0 = Release|Any CPU
		{A1D5070F-78AF-4C1A-B41A-3436470FDD02}.Debug|Any CPU.ActiveCfg = Debug|Any CPU
		{A1D5070F-78AF-4C1A-B41A-3436470FDD02}.Debug|Any CPU.Build.0 = Debug|Any CPU
		{A1D5070F-78AF-4C1A-B41A-3436470FDD02}.Release|Any CPU.ActiveCfg = Release|Any CPU
		{A1D5070F-78AF-4C1A-B41A-3436470FDD02}.Release|Any CPU.Build.0 = Release|Any CPU
		{A31AC20D-ACED-44AF-A8A3-BC769BF533B0}.Debug|Any CPU.ActiveCfg = Debug|Any CPU
		{A31AC20D-ACED-44AF-A8A3-BC769BF533B0}.Debug|Any CPU.Build.0 = Debug|Any CPU
		{A31AC20D-ACED-44AF-A8A3-BC769BF533B0}.Release|Any CPU.ActiveCfg = Release|Any CPU
		{A31AC20D-ACED-44AF-A8A3-BC769BF533B0}.Release|Any CPU.Build.0 = Release|Any CPU
		{81072C34-67CD-463F-BDD4-65B48F23C99D}.Debug|Any CPU.ActiveCfg = Debug|Any CPU
		{81072C34-67CD-463F-BDD4-65B48F23C99D}.Debug|Any CPU.Build.0 = Debug|Any CPU
		{81072C34-67CD-463F-BDD4-65B48F23C99D}.Release|Any CPU.ActiveCfg = Release|Any CPU
		{81072C34-67CD-463F-BDD4-65B48F23C99D}.Release|Any CPU.Build.0 = Release|Any CPU
		{C1CC2126-291B-4E75-9B4F-1524DEF42C1B}.Debug|Any CPU.ActiveCfg = Debug|Any CPU
		{C1CC2126-291B-4E75-9B4F-1524DEF42C1B}.Debug|Any CPU.Build.0 = Debug|Any CPU
		{C1CC2126-291B-4E75-9B4F-1524DEF42C1B}.Release|Any CPU.ActiveCfg = Release|Any CPU
		{C1CC2126-291B-4E75-9B4F-1524DEF42C1B}.Release|Any CPU.Build.0 = Release|Any CPU
		{4D5EC546-BDA4-4040-B23A-27BCC4AF13F7}.Debug|Any CPU.ActiveCfg = Debug|Any CPU
		{4D5EC546-BDA4-4040-B23A-27BCC4AF13F7}.Debug|Any CPU.Build.0 = Debug|Any CPU
		{4D5EC546-BDA4-4040-B23A-27BCC4AF13F7}.Release|Any CPU.ActiveCfg = Release|Any CPU
		{4D5EC546-BDA4-4040-B23A-27BCC4AF13F7}.Release|Any CPU.Build.0 = Release|Any CPU
		{18790E9F-43D0-4549-A0ED-1531EB275F07}.Debug|Any CPU.ActiveCfg = Debug|Any CPU
		{18790E9F-43D0-4549-A0ED-1531EB275F07}.Debug|Any CPU.Build.0 = Debug|Any CPU
		{18790E9F-43D0-4549-A0ED-1531EB275F07}.Release|Any CPU.ActiveCfg = Release|Any CPU
		{18790E9F-43D0-4549-A0ED-1531EB275F07}.Release|Any CPU.Build.0 = Release|Any CPU
		{BD5AFA01-E18A-498F-8882-EFD25E27C38A}.Debug|Any CPU.ActiveCfg = Debug|Any CPU
		{BD5AFA01-E18A-498F-8882-EFD25E27C38A}.Debug|Any CPU.Build.0 = Debug|Any CPU
		{BD5AFA01-E18A-498F-8882-EFD25E27C38A}.Release|Any CPU.ActiveCfg = Release|Any CPU
		{BD5AFA01-E18A-498F-8882-EFD25E27C38A}.Release|Any CPU.Build.0 = Release|Any CPU
		{BEAF4BDB-C264-4D91-BE4D-0195E6679451}.Debug|Any CPU.ActiveCfg = Debug|Any CPU
		{BEAF4BDB-C264-4D91-BE4D-0195E6679451}.Debug|Any CPU.Build.0 = Debug|Any CPU
		{BEAF4BDB-C264-4D91-BE4D-0195E6679451}.Release|Any CPU.ActiveCfg = Release|Any CPU
		{BEAF4BDB-C264-4D91-BE4D-0195E6679451}.Release|Any CPU.Build.0 = Release|Any CPU
		{9B526B6B-75CB-470B-BAAB-FC35DB2986DA}.Debug|Any CPU.ActiveCfg = Debug|Any CPU
		{9B526B6B-75CB-470B-BAAB-FC35DB2986DA}.Debug|Any CPU.Build.0 = Debug|Any CPU
		{9B526B6B-75CB-470B-BAAB-FC35DB2986DA}.Release|Any CPU.ActiveCfg = Release|Any CPU
		{9B526B6B-75CB-470B-BAAB-FC35DB2986DA}.Release|Any CPU.Build.0 = Release|Any CPU
		{7123CC5D-1DC4-45E8-9E3B-18237540C761}.Debug|Any CPU.ActiveCfg = Debug|Any CPU
		{7123CC5D-1DC4-45E8-9E3B-18237540C761}.Debug|Any CPU.Build.0 = Debug|Any CPU
		{7123CC5D-1DC4-45E8-9E3B-18237540C761}.Release|Any CPU.ActiveCfg = Release|Any CPU
		{7123CC5D-1DC4-45E8-9E3B-18237540C761}.Release|Any CPU.Build.0 = Release|Any CPU
		{87B6FBC8-2C2E-4CAB-94AB-9C383F5E1677}.Debug|Any CPU.ActiveCfg = Debug|Any CPU
		{87B6FBC8-2C2E-4CAB-94AB-9C383F5E1677}.Debug|Any CPU.Build.0 = Debug|Any CPU
		{87B6FBC8-2C2E-4CAB-94AB-9C383F5E1677}.Release|Any CPU.ActiveCfg = Release|Any CPU
		{87B6FBC8-2C2E-4CAB-94AB-9C383F5E1677}.Release|Any CPU.Build.0 = Release|Any CPU
		{A308B02F-9F03-47BB-BFF7-DF1D5DBF58FD}.Debug|Any CPU.ActiveCfg = Debug|Any CPU
		{A308B02F-9F03-47BB-BFF7-DF1D5DBF58FD}.Debug|Any CPU.Build.0 = Debug|Any CPU
		{A308B02F-9F03-47BB-BFF7-DF1D5DBF58FD}.Release|Any CPU.ActiveCfg = Release|Any CPU
		{A308B02F-9F03-47BB-BFF7-DF1D5DBF58FD}.Release|Any CPU.Build.0 = Release|Any CPU
		{4E70581E-B159-4E4A-A4F1-A5FB941BD119}.Debug|Any CPU.ActiveCfg = Debug|Any CPU
		{4E70581E-B159-4E4A-A4F1-A5FB941BD119}.Debug|Any CPU.Build.0 = Debug|Any CPU
		{4E70581E-B159-4E4A-A4F1-A5FB941BD119}.Release|Any CPU.ActiveCfg = Release|Any CPU
		{4E70581E-B159-4E4A-A4F1-A5FB941BD119}.Release|Any CPU.Build.0 = Release|Any CPU
		{170180A1-D55B-487A-90B5-DFA9ED255A25}.Debug|Any CPU.ActiveCfg = Debug|Any CPU
		{170180A1-D55B-487A-90B5-DFA9ED255A25}.Debug|Any CPU.Build.0 = Debug|Any CPU
		{170180A1-D55B-487A-90B5-DFA9ED255A25}.Release|Any CPU.ActiveCfg = Release|Any CPU
		{170180A1-D55B-487A-90B5-DFA9ED255A25}.Release|Any CPU.Build.0 = Release|Any CPU
		{D9D0BB81-6F3B-47AF-96F1-E5B2A6B2D4C3}.Debug|Any CPU.ActiveCfg = Debug|Any CPU
		{D9D0BB81-6F3B-47AF-96F1-E5B2A6B2D4C3}.Debug|Any CPU.Build.0 = Debug|Any CPU
		{D9D0BB81-6F3B-47AF-96F1-E5B2A6B2D4C3}.Release|Any CPU.ActiveCfg = Release|Any CPU
		{D9D0BB81-6F3B-47AF-96F1-E5B2A6B2D4C3}.Release|Any CPU.Build.0 = Release|Any CPU
		{33250DAC-5386-4FD1-B6F4-ACE97576C6DB}.Debug|Any CPU.ActiveCfg = Debug|Any CPU
		{33250DAC-5386-4FD1-B6F4-ACE97576C6DB}.Debug|Any CPU.Build.0 = Debug|Any CPU
		{33250DAC-5386-4FD1-B6F4-ACE97576C6DB}.Release|Any CPU.ActiveCfg = Release|Any CPU
		{33250DAC-5386-4FD1-B6F4-ACE97576C6DB}.Release|Any CPU.Build.0 = Release|Any CPU
		{0DD4AFE0-9180-4C3F-91F1-D12591A65D77}.Debug|Any CPU.ActiveCfg = Debug|Any CPU
		{0DD4AFE0-9180-4C3F-91F1-D12591A65D77}.Debug|Any CPU.Build.0 = Debug|Any CPU
		{0DD4AFE0-9180-4C3F-91F1-D12591A65D77}.Release|Any CPU.ActiveCfg = Release|Any CPU
		{0DD4AFE0-9180-4C3F-91F1-D12591A65D77}.Release|Any CPU.Build.0 = Release|Any CPU
		{41079B14-E7A7-44D8-8F59-D81951C09695}.Debug|Any CPU.ActiveCfg = Debug|Any CPU
		{41079B14-E7A7-44D8-8F59-D81951C09695}.Debug|Any CPU.Build.0 = Debug|Any CPU
		{41079B14-E7A7-44D8-8F59-D81951C09695}.Release|Any CPU.ActiveCfg = Release|Any CPU
		{41079B14-E7A7-44D8-8F59-D81951C09695}.Release|Any CPU.Build.0 = Release|Any CPU
	EndGlobalSection
	GlobalSection(SolutionProperties) = preSolution
		HideSolutionNode = FALSE
	EndGlobalSection
	GlobalSection(NestedProjects) = preSolution
		{D3AD800F-C8A9-451D-8DFF-B2A6CF1BAA40} = {D8B637D6-824B-43D3-B4A3-5B43EED4EA49}
		{5017E06A-669E-445E-ACBB-C4D0ED9152E9} = {D8B637D6-824B-43D3-B4A3-5B43EED4EA49}
		{AD8D3A5F-B08B-4C8B-940C-8436F8B69F22} = {70B24DBB-F994-47D6-9525-10B03203740D}
		{99DB1FEA-1465-4C94-BE52-E24EA181C069} = {D8B637D6-824B-43D3-B4A3-5B43EED4EA49}
		{A1D5070F-78AF-4C1A-B41A-3436470FDD02} = {D8B637D6-824B-43D3-B4A3-5B43EED4EA49}
		{A31AC20D-ACED-44AF-A8A3-BC769BF533B0} = {D8B637D6-824B-43D3-B4A3-5B43EED4EA49}
		{81072C34-67CD-463F-BDD4-65B48F23C99D} = {D8B637D6-824B-43D3-B4A3-5B43EED4EA49}
		{C1CC2126-291B-4E75-9B4F-1524DEF42C1B} = {D8B637D6-824B-43D3-B4A3-5B43EED4EA49}
		{4D5EC546-BDA4-4040-B23A-27BCC4AF13F7} = {D8B637D6-824B-43D3-B4A3-5B43EED4EA49}
		{18790E9F-43D0-4549-A0ED-1531EB275F07} = {D8B637D6-824B-43D3-B4A3-5B43EED4EA49}
		{BD5AFA01-E18A-498F-8882-EFD25E27C38A} = {D8B637D6-824B-43D3-B4A3-5B43EED4EA49}
		{BEAF4BDB-C264-4D91-BE4D-0195E6679451} = {D8B637D6-824B-43D3-B4A3-5B43EED4EA49}
		{9B526B6B-75CB-470B-BAAB-FC35DB2986DA} = {D8B637D6-824B-43D3-B4A3-5B43EED4EA49}
		{7123CC5D-1DC4-45E8-9E3B-18237540C761} = {D8B637D6-824B-43D3-B4A3-5B43EED4EA49}
		{87B6FBC8-2C2E-4CAB-94AB-9C383F5E1677} = {70B24DBB-F994-47D6-9525-10B03203740D}
		{A308B02F-9F03-47BB-BFF7-DF1D5DBF58FD} = {D8B637D6-824B-43D3-B4A3-5B43EED4EA49}
		{4E70581E-B159-4E4A-A4F1-A5FB941BD119} = {D8B637D6-824B-43D3-B4A3-5B43EED4EA49}
		{170180A1-D55B-487A-90B5-DFA9ED255A25} = {D8B637D6-824B-43D3-B4A3-5B43EED4EA49}
		{D9D0BB81-6F3B-47AF-96F1-E5B2A6B2D4C3} = {D8B637D6-824B-43D3-B4A3-5B43EED4EA49}
		{33250DAC-5386-4FD1-B6F4-ACE97576C6DB} = {D8B637D6-824B-43D3-B4A3-5B43EED4EA49}
		{0DD4AFE0-9180-4C3F-91F1-D12591A65D77} = {70B24DBB-F994-47D6-9525-10B03203740D}
		{41079B14-E7A7-44D8-8F59-D81951C09695} = {D8B637D6-824B-43D3-B4A3-5B43EED4EA49}
	EndGlobalSection
	GlobalSection(ExtensibilityGlobals) = postSolution
		SolutionGuid = {34388FC1-08EB-42D1-A46D-72835FA4FCA4}
	EndGlobalSection
EndGlobal
