
Microsoft Visual Studio Solution File, Format Version 12.00
# Visual Studio Version 17
VisualStudioVersion = 17.1.32407.343
MinimumVisualStudioVersion = 10.0.40219.1
Project("{2150E333-8FDC-42A3-9474-1A3956D46DE8}") = "src", "src", "{D8B637D6-824B-43D3-B4A3-5B43EED4EA49}"
EndProject
Project("{9A19103F-16F7-4668-BE54-9A1E7A4F7556}") = "Juice", "..\..\core\src\Juice\Juice.csproj", "{D3AD800F-C8A9-451D-8DFF-B2A6CF1BAA40}"
EndProject
Project("{9A19103F-16F7-4668-BE54-9A1E7A4F7556}") = "Juice.Workflows", "src\Juice.Workflows\Juice.Workflows.csproj", "{5017E06A-669E-445E-ACBB-C4D0ED9152E9}"
EndProject
Project("{2150E333-8FDC-42A3-9474-1A3956D46DE8}") = "test", "test", "{70B24DBB-F994-47D6-9525-10B03203740D}"
EndProject
Project("{9A19103F-16F7-4668-BE54-9A1E7A4F7556}") = "Juice.Workflows.Tests", "test\Juice.Workflows.Tests\Juice.Workflows.Tests.csproj", "{AD8D3A5F-B08B-4C8B-940C-8436F8B69F22}"
EndProject
Project("{D954291E-2A0B-460D-934E-DC6B0785DB48}") = "Juice.XUnit", "..\..\test\Juice.XUnit\Juice.XUnit.shproj", "{3C5739A5-F7BF-4D1E-8727-FC0C11C5BD21}"
EndProject
Project("{2150E333-8FDC-42A3-9474-1A3956D46DE8}") = "Solution Items", "Solution Items", "{87F0DD7D-66AF-4409-BB36-BB0B1E9A55A2}"
EndProject
Project("{9A19103F-16F7-4668-BE54-9A1E7A4F7556}") = "Juice.MediatR", "..\..\core\src\Juice.MediatR\Juice.MediatR.csproj", "{99DB1FEA-1465-4C94-BE52-E24EA181C069}"
EndProject
Project("{9A19103F-16F7-4668-BE54-9A1E7A4F7556}") = "Juice.Workflows.Yaml", "src\Juice.Workflows.Yaml\Juice.Workflows.Yaml.csproj", "{A1D5070F-78AF-4C1A-B41A-3436470FDD02}"
EndProject
Project("{9A19103F-16F7-4668-BE54-9A1E7A4F7556}") = "Juice.Workflows.EF", "src\Juice.Workflows.EF\Juice.Workflows.EF.csproj", "{A31AC20D-ACED-44AF-A8A3-BC769BF533B0}"
EndProject
Project("{9A19103F-16F7-4668-BE54-9A1E7A4F7556}") = "Juice.Workflows.Api", "src\Juice.Workflows.Api\Juice.Workflows.Api.csproj", "{81072C34-67CD-463F-BDD4-65B48F23C99D}"
EndProject
Project("{FAE04EC0-301F-11D3-BF4B-00C04F79EFBC}") = "Juice.Workflows.Bpmn", "src\Juice.Workflows.Bpmn\Juice.Workflows.Bpmn.csproj", "{C1CC2126-291B-4E75-9B4F-1524DEF42C1B}"
EndProject
Global
	GlobalSection(SharedMSBuildProjectFiles) = preSolution
		..\..\test\Juice.XUnit\Juice.XUnit.projitems*{3c5739a5-f7bf-4d1e-8727-fc0c11c5bd21}*SharedItemsImports = 13
		..\..\test\Juice.XUnit\Juice.XUnit.projitems*{ad8d3a5f-b08b-4c8b-940c-8436f8b69f22}*SharedItemsImports = 5
	EndGlobalSection
	GlobalSection(SolutionConfigurationPlatforms) = preSolution
		Debug|Any CPU = Debug|Any CPU
		Release|Any CPU = Release|Any CPU
	EndGlobalSection
	GlobalSection(ProjectConfigurationPlatforms) = postSolution
		{D3AD800F-C8A9-451D-8DFF-B2A6CF1BAA40}.Debug|Any CPU.ActiveCfg = Debug|Any CPU
		{D3AD800F-C8A9-451D-8DFF-B2A6CF1BAA40}.Debug|Any CPU.Build.0 = Debug|Any CPU
		{D3AD800F-C8A9-451D-8DFF-B2A6CF1BAA40}.Release|Any CPU.ActiveCfg = Release|Any CPU
		{D3AD800F-C8A9-451D-8DFF-B2A6CF1BAA40}.Release|Any CPU.Build.0 = Release|Any CPU
		{5017E06A-669E-445E-ACBB-C4D0ED9152E9}.Debug|Any CPU.ActiveCfg = Debug|Any CPU
		{5017E06A-669E-445E-ACBB-C4D0ED9152E9}.Debug|Any CPU.Build.0 = Debug|Any CPU
		{5017E06A-669E-445E-ACBB-C4D0ED9152E9}.Release|Any CPU.ActiveCfg = Release|Any CPU
		{5017E06A-669E-445E-ACBB-C4D0ED9152E9}.Release|Any CPU.Build.0 = Release|Any CPU
		{AD8D3A5F-B08B-4C8B-940C-8436F8B69F22}.Debug|Any CPU.ActiveCfg = Debug|Any CPU
		{AD8D3A5F-B08B-4C8B-940C-8436F8B69F22}.Debug|Any CPU.Build.0 = Debug|Any CPU
		{AD8D3A5F-B08B-4C8B-940C-8436F8B69F22}.Release|Any CPU.ActiveCfg = Release|Any CPU
		{AD8D3A5F-B08B-4C8B-940C-8436F8B69F22}.Release|Any CPU.Build.0 = Release|Any CPU
		{99DB1FEA-1465-4C94-BE52-E24EA181C069}.Debug|Any CPU.ActiveCfg = Debug|Any CPU
		{99DB1FEA-1465-4C94-BE52-E24EA181C069}.Debug|Any CPU.Build.0 = Debug|Any CPU
		{99DB1FEA-1465-4C94-BE52-E24EA181C069}.Release|Any CPU.ActiveCfg = Release|Any CPU
		{99DB1FEA-1465-4C94-BE52-E24EA181C069}.Release|Any CPU.Build.0 = Release|Any CPU
		{A1D5070F-78AF-4C1A-B41A-3436470FDD02}.Debug|Any CPU.ActiveCfg = Debug|Any CPU
		{A1D5070F-78AF-4C1A-B41A-3436470FDD02}.Debug|Any CPU.Build.0 = Debug|Any CPU
		{A1D5070F-78AF-4C1A-B41A-3436470FDD02}.Release|Any CPU.ActiveCfg = Release|Any CPU
		{A1D5070F-78AF-4C1A-B41A-3436470FDD02}.Release|Any CPU.Build.0 = Release|Any CPU
		{A31AC20D-ACED-44AF-A8A3-BC769BF533B0}.Debug|Any CPU.ActiveCfg = Debug|Any CPU
		{A31AC20D-ACED-44AF-A8A3-BC769BF533B0}.Debug|Any CPU.Build.0 = Debug|Any CPU
		{A31AC20D-ACED-44AF-A8A3-BC769BF533B0}.Release|Any CPU.ActiveCfg = Release|Any CPU
		{A31AC20D-ACED-44AF-A8A3-BC769BF533B0}.Release|Any CPU.Build.0 = Release|Any CPU
		{81072C34-67CD-463F-BDD4-65B48F23C99D}.Debug|Any CPU.ActiveCfg = Debug|Any CPU
		{81072C34-67CD-463F-BDD4-65B48F23C99D}.Debug|Any CPU.Build.0 = Debug|Any CPU
		{81072C34-67CD-463F-BDD4-65B48F23C99D}.Release|Any CPU.ActiveCfg = Release|Any CPU
		{81072C34-67CD-463F-BDD4-65B48F23C99D}.Release|Any CPU.Build.0 = Release|Any CPU
		{C1CC2126-291B-4E75-9B4F-1524DEF42C1B}.Debug|Any CPU.ActiveCfg = Debug|Any CPU
		{C1CC2126-291B-4E75-9B4F-1524DEF42C1B}.Debug|Any CPU.Build.0 = Debug|Any CPU
		{C1CC2126-291B-4E75-9B4F-1524DEF42C1B}.Release|Any CPU.ActiveCfg = Release|Any CPU
		{C1CC2126-291B-4E75-9B4F-1524DEF42C1B}.Release|Any CPU.Build.0 = Release|Any CPU
	EndGlobalSection
	GlobalSection(SolutionProperties) = preSolution
		HideSolutionNode = FALSE
	EndGlobalSection
	GlobalSection(NestedProjects) = preSolution
		{D3AD800F-C8A9-451D-8DFF-B2A6CF1BAA40} = {D8B637D6-824B-43D3-B4A3-5B43EED4EA49}
		{5017E06A-669E-445E-ACBB-C4D0ED9152E9} = {D8B637D6-824B-43D3-B4A3-5B43EED4EA49}
		{AD8D3A5F-B08B-4C8B-940C-8436F8B69F22} = {70B24DBB-F994-47D6-9525-10B03203740D}
		{3C5739A5-F7BF-4D1E-8727-FC0C11C5BD21} = {70B24DBB-F994-47D6-9525-10B03203740D}
		{99DB1FEA-1465-4C94-BE52-E24EA181C069} = {D8B637D6-824B-43D3-B4A3-5B43EED4EA49}
		{A1D5070F-78AF-4C1A-B41A-3436470FDD02} = {D8B637D6-824B-43D3-B4A3-5B43EED4EA49}
		{A31AC20D-ACED-44AF-A8A3-BC769BF533B0} = {D8B637D6-824B-43D3-B4A3-5B43EED4EA49}
		{81072C34-67CD-463F-BDD4-65B48F23C99D} = {D8B637D6-824B-43D3-B4A3-5B43EED4EA49}
		{C1CC2126-291B-4E75-9B4F-1524DEF42C1B} = {D8B637D6-824B-43D3-B4A3-5B43EED4EA49}
	EndGlobalSection
	GlobalSection(ExtensibilityGlobals) = postSolution
		SolutionGuid = {34388FC1-08EB-42D1-A46D-72835FA4FCA4}
	EndGlobalSection
EndGlobal
